// !$*UTF8*$!
{
	archiveVersion = 1;
	classes = {
	};
	objectVersion = 55;
	objects = {

/* Begin PBXBuildFile section */
		26AB019E08E0444749583E3E /* Pods_aq_early_warning_ios.framework in Frameworks */ = {isa = PBXBuildFile; fileRef = 1871CABCE5CD8669ADB62186 /* Pods_aq_early_warning_ios.framework */; };
		87D4EEF2FF7608EAF604C717 /* Pods_aq_early_warning_iosTests.framework in Frameworks */ = {isa = PBXBuildFile; fileRef = C351E7442C18A1D21D5D0C57 /* Pods_aq_early_warning_iosTests.framework */; };
		941AA7A32752F71500551D87 /* JwtUtil.swift in Sources */ = {isa = PBXBuildFile; fileRef = 941AA7A22752F71500551D87 /* JwtUtil.swift */; };
		941AA7A527530BD700551D87 /* Launch Screen.storyboard in Resources */ = {isa = PBXBuildFile; fileRef = 941AA7A427530BD700551D87 /* Launch Screen.storyboard */; };
		941AA7A6275310C100551D87 /* Assets.xcassets in Resources */ = {isa = PBXBuildFile; fileRef = 941F8E36273DD7B900C178DB /* Assets.xcassets */; };
		941AA7B72753173600551D87 /* yeti__58x58.png in Resources */ = {isa = PBXBuildFile; fileRef = 941AA7A82753173600551D87 /* yeti__58x58.png */; };
		941AA7B82753173600551D87 /* yeti_167x167.png in Resources */ = {isa = PBXBuildFile; fileRef = 941AA7A92753173600551D87 /* yeti_167x167.png */; };
		941AA7B92753173600551D87 /* yeti_87x87.png in Resources */ = {isa = PBXBuildFile; fileRef = 941AA7AA2753173600551D87 /* yeti_87x87.png */; };
		941AA7BA2753173600551D87 /* yeti_80x80.png in Resources */ = {isa = PBXBuildFile; fileRef = 941AA7AB2753173600551D87 /* yeti_80x80.png */; };
		941AA7BB2753173600551D87 /* yeti_20x20.png in Resources */ = {isa = PBXBuildFile; fileRef = 941AA7AC2753173600551D87 /* yeti_20x20.png */; };
		941AA7BC2753173600551D87 /* yeti_29x29.png in Resources */ = {isa = PBXBuildFile; fileRef = 941AA7AD2753173600551D87 /* yeti_29x29.png */; };
		941AA7BD2753173600551D87 /* yeti_1_40x40.png in Resources */ = {isa = PBXBuildFile; fileRef = 941AA7AE2753173600551D87 /* yeti_1_40x40.png */; };
		941AA7BE2753173600551D87 /* yeti.png in Resources */ = {isa = PBXBuildFile; fileRef = 941AA7AF2753173600551D87 /* yeti.png */; };
		941AA7BF2753173600551D87 /* yeti_120x120.png in Resources */ = {isa = PBXBuildFile; fileRef = 941AA7B02753173600551D87 /* yeti_120x120.png */; };
		941AA7C02753173600551D87 /* yeti_76x76.png in Resources */ = {isa = PBXBuildFile; fileRef = 941AA7B12753173600551D87 /* yeti_76x76.png */; };
		941AA7C12753173600551D87 /* yeti_58x58.png in Resources */ = {isa = PBXBuildFile; fileRef = 941AA7B22753173600551D87 /* yeti_58x58.png */; };
		941AA7C22753173600551D87 /* yeti_60x60.png in Resources */ = {isa = PBXBuildFile; fileRef = 941AA7B32753173600551D87 /* yeti_60x60.png */; };
		941AA7C32753173600551D87 /* yeti_152x152.png in Resources */ = {isa = PBXBuildFile; fileRef = 941AA7B42753173600551D87 /* yeti_152x152.png */; };
		941AA7C42753173600551D87 /* yeti_1024x1024.png in Resources */ = {isa = PBXBuildFile; fileRef = 941AA7B52753173600551D87 /* yeti_1024x1024.png */; };
		941AA7C52753173600551D87 /* yeti_180x180.png in Resources */ = {isa = PBXBuildFile; fileRef = 941AA7B62753173600551D87 /* yeti_180x180.png */; };
		941F8E33273DD7B800C178DB /* aq_early_warning_iosApp.swift in Sources */ = {isa = PBXBuildFile; fileRef = 941F8E32273DD7B800C178DB /* aq_early_warning_iosApp.swift */; };
		941F8E35273DD7B800C178DB /* ContentView.swift in Sources */ = {isa = PBXBuildFile; fileRef = 941F8E34273DD7B800C178DB /* ContentView.swift */; };
		941F8E3A273DD7B900C178DB /* Preview Assets.xcassets in Resources */ = {isa = PBXBuildFile; fileRef = 941F8E39273DD7B900C178DB /* Preview Assets.xcassets */; };
		941F8E44273DD7BA00C178DB /* aq_early_warning_iosTests.swift in Sources */ = {isa = PBXBuildFile; fileRef = 941F8E43273DD7BA00C178DB /* aq_early_warning_iosTests.swift */; };
		941F8E4E273DD7BA00C178DB /* aq_early_warning_iosUITests.swift in Sources */ = {isa = PBXBuildFile; fileRef = 941F8E4D273DD7BA00C178DB /* aq_early_warning_iosUITests.swift */; };
		941F8E50273DD7BA00C178DB /* aq_early_warning_iosUITestsLaunchTests.swift in Sources */ = {isa = PBXBuildFile; fileRef = 941F8E4F273DD7BA00C178DB /* aq_early_warning_iosUITestsLaunchTests.swift */; };
		941F8E63273DDD4600C178DB /* Data.swift in Sources */ = {isa = PBXBuildFile; fileRef = 941F8E62273DDD4600C178DB /* Data.swift */; };
		94759C2727449DC70080C90E /* AqiBreakdownView.swift in Sources */ = {isa = PBXBuildFile; fileRef = 94759C2627449DC60080C90E /* AqiBreakdownView.swift */; };
		94759C292744AC440080C90E /* SignInView.swift in Sources */ = {isa = PBXBuildFile; fileRef = 94759C282744AC440080C90E /* SignInView.swift */; };
		94759C2B2745D7C70080C90E /* ForecastView.swift in Sources */ = {isa = PBXBuildFile; fileRef = 94759C2A2745D7C70080C90E /* ForecastView.swift */; };
		94759C2E2745DB130080C90E /* ForecastUtil.swift in Sources */ = {isa = PBXBuildFile; fileRef = 94759C2D2745DB130080C90E /* ForecastUtil.swift */; };
		9476109A2748725B00BC4919 /* GoogleService-Info.plist in Resources */ = {isa = PBXBuildFile; fileRef = 947610992748725B00BC4919 /* GoogleService-Info.plist */; };
		9476109C274C6A1300BC4919 /* ForecastDetailView.swift in Sources */ = {isa = PBXBuildFile; fileRef = 9476109B274C6A1300BC4919 /* ForecastDetailView.swift */; };
		94C3320B274341C9002101ED /* MainView.swift in Sources */ = {isa = PBXBuildFile; fileRef = 94C3320A274341C9002101ED /* MainView.swift */; };
		94C3320D2743431E002101ED /* Api.swift in Sources */ = {isa = PBXBuildFile; fileRef = 94C3320C2743431E002101ED /* Api.swift */; };
		94C3320F27434866002101ED /* SettingsView.swift in Sources */ = {isa = PBXBuildFile; fileRef = 94C3320E27434866002101ED /* SettingsView.swift */; };
		94C3321227437752002101ED /* LocationManager.swift in Sources */ = {isa = PBXBuildFile; fileRef = 94C3321127437752002101ED /* LocationManager.swift */; };
		94C3321627437A86002101ED /* MapKit.framework in Frameworks */ = {isa = PBXBuildFile; fileRef = 94C3321527437A86002101ED /* MapKit.framework */; };
		FA2E61039CF81A831C4B6D2D /* Pods_aq_early_warning_ios_aq_early_warning_iosUITests.framework in Frameworks */ = {isa = PBXBuildFile; fileRef = 178E405A08AB4235F111266D /* Pods_aq_early_warning_ios_aq_early_warning_iosUITests.framework */; };
/* End PBXBuildFile section */

/* Begin PBXContainerItemProxy section */
		941F8E40273DD7BA00C178DB /* PBXContainerItemProxy */ = {
			isa = PBXContainerItemProxy;
			containerPortal = 941F8E27273DD7B800C178DB /* Project object */;
			proxyType = 1;
			remoteGlobalIDString = 941F8E2E273DD7B800C178DB;
			remoteInfo = "aq-early-warning-ios";
		};
		941F8E4A273DD7BA00C178DB /* PBXContainerItemProxy */ = {
			isa = PBXContainerItemProxy;
			containerPortal = 941F8E27273DD7B800C178DB /* Project object */;
			proxyType = 1;
			remoteGlobalIDString = 941F8E2E273DD7B800C178DB;
			remoteInfo = "aq-early-warning-ios";
		};
/* End PBXContainerItemProxy section */

/* Begin PBXFileReference section */
		178E405A08AB4235F111266D /* Pods_aq_early_warning_ios_aq_early_warning_iosUITests.framework */ = {isa = PBXFileReference; explicitFileType = wrapper.framework; includeInIndex = 0; path = Pods_aq_early_warning_ios_aq_early_warning_iosUITests.framework; sourceTree = BUILT_PRODUCTS_DIR; };
		1871CABCE5CD8669ADB62186 /* Pods_aq_early_warning_ios.framework */ = {isa = PBXFileReference; explicitFileType = wrapper.framework; includeInIndex = 0; path = Pods_aq_early_warning_ios.framework; sourceTree = BUILT_PRODUCTS_DIR; };
		2C6B0769CBD90AD8B7F35EDA /* Pods-aq-early-warning-ios.release.xcconfig */ = {isa = PBXFileReference; includeInIndex = 1; lastKnownFileType = text.xcconfig; name = "Pods-aq-early-warning-ios.release.xcconfig"; path = "Target Support Files/Pods-aq-early-warning-ios/Pods-aq-early-warning-ios.release.xcconfig"; sourceTree = "<group>"; };
		3C2978F387934A70D26F062C /* Pods-aq-early-warning-iosTests.debug.xcconfig */ = {isa = PBXFileReference; includeInIndex = 1; lastKnownFileType = text.xcconfig; name = "Pods-aq-early-warning-iosTests.debug.xcconfig"; path = "Target Support Files/Pods-aq-early-warning-iosTests/Pods-aq-early-warning-iosTests.debug.xcconfig"; sourceTree = "<group>"; };
		52892A9057E15A3943D5970C /* Pods-aq-early-warning-ios.debug.xcconfig */ = {isa = PBXFileReference; includeInIndex = 1; lastKnownFileType = text.xcconfig; name = "Pods-aq-early-warning-ios.debug.xcconfig"; path = "Target Support Files/Pods-aq-early-warning-ios/Pods-aq-early-warning-ios.debug.xcconfig"; sourceTree = "<group>"; };
		71C0DB8E61E4EAB4B2B65466 /* Pods-aq-early-warning-ios-aq-early-warning-iosUITests.release.xcconfig */ = {isa = PBXFileReference; includeInIndex = 1; lastKnownFileType = text.xcconfig; name = "Pods-aq-early-warning-ios-aq-early-warning-iosUITests.release.xcconfig"; path = "Target Support Files/Pods-aq-early-warning-ios-aq-early-warning-iosUITests/Pods-aq-early-warning-ios-aq-early-warning-iosUITests.release.xcconfig"; sourceTree = "<group>"; };
		941AA7A22752F71500551D87 /* JwtUtil.swift */ = {isa = PBXFileReference; lastKnownFileType = sourcecode.swift; path = JwtUtil.swift; sourceTree = "<group>"; };
		941AA7A427530BD700551D87 /* Launch Screen.storyboard */ = {isa = PBXFileReference; lastKnownFileType = file.storyboard; path = "Launch Screen.storyboard"; sourceTree = "<group>"; };
		941AA7A82753173600551D87 /* yeti__58x58.png */ = {isa = PBXFileReference; lastKnownFileType = image.png; path = yeti__58x58.png; sourceTree = "<group>"; };
		941AA7A92753173600551D87 /* yeti_167x167.png */ = {isa = PBXFileReference; lastKnownFileType = image.png; path = yeti_167x167.png; sourceTree = "<group>"; };
		941AA7AA2753173600551D87 /* yeti_87x87.png */ = {isa = PBXFileReference; lastKnownFileType = image.png; path = yeti_87x87.png; sourceTree = "<group>"; };
		941AA7AB2753173600551D87 /* yeti_80x80.png */ = {isa = PBXFileReference; lastKnownFileType = image.png; path = yeti_80x80.png; sourceTree = "<group>"; };
		941AA7AC2753173600551D87 /* yeti_20x20.png */ = {isa = PBXFileReference; lastKnownFileType = image.png; path = yeti_20x20.png; sourceTree = "<group>"; };
		941AA7AD2753173600551D87 /* yeti_29x29.png */ = {isa = PBXFileReference; lastKnownFileType = image.png; path = yeti_29x29.png; sourceTree = "<group>"; };
		941AA7AE2753173600551D87 /* yeti_1_40x40.png */ = {isa = PBXFileReference; lastKnownFileType = image.png; path = yeti_1_40x40.png; sourceTree = "<group>"; };
		941AA7AF2753173600551D87 /* yeti.png */ = {isa = PBXFileReference; lastKnownFileType = image.png; path = yeti.png; sourceTree = "<group>"; };
		941AA7B02753173600551D87 /* yeti_120x120.png */ = {isa = PBXFileReference; lastKnownFileType = image.png; path = yeti_120x120.png; sourceTree = "<group>"; };
		941AA7B12753173600551D87 /* yeti_76x76.png */ = {isa = PBXFileReference; lastKnownFileType = image.png; path = yeti_76x76.png; sourceTree = "<group>"; };
		941AA7B22753173600551D87 /* yeti_58x58.png */ = {isa = PBXFileReference; lastKnownFileType = image.png; path = yeti_58x58.png; sourceTree = "<group>"; };
		941AA7B32753173600551D87 /* yeti_60x60.png */ = {isa = PBXFileReference; lastKnownFileType = image.png; path = yeti_60x60.png; sourceTree = "<group>"; };
		941AA7B42753173600551D87 /* yeti_152x152.png */ = {isa = PBXFileReference; lastKnownFileType = image.png; path = yeti_152x152.png; sourceTree = "<group>"; };
		941AA7B52753173600551D87 /* yeti_1024x1024.png */ = {isa = PBXFileReference; lastKnownFileType = image.png; path = yeti_1024x1024.png; sourceTree = "<group>"; };
		941AA7B62753173600551D87 /* yeti_180x180.png */ = {isa = PBXFileReference; lastKnownFileType = image.png; path = yeti_180x180.png; sourceTree = "<group>"; };
		941F8E2F273DD7B800C178DB /* aq-early-warning-ios.app */ = {isa = PBXFileReference; explicitFileType = wrapper.application; includeInIndex = 0; path = "aq-early-warning-ios.app"; sourceTree = BUILT_PRODUCTS_DIR; };
		941F8E32273DD7B800C178DB /* aq_early_warning_iosApp.swift */ = {isa = PBXFileReference; lastKnownFileType = sourcecode.swift; path = aq_early_warning_iosApp.swift; sourceTree = "<group>"; };
		941F8E34273DD7B800C178DB /* ContentView.swift */ = {isa = PBXFileReference; lastKnownFileType = sourcecode.swift; path = ContentView.swift; sourceTree = "<group>"; };
		941F8E36273DD7B900C178DB /* Assets.xcassets */ = {isa = PBXFileReference; lastKnownFileType = folder.assetcatalog; name = Assets.xcassets; path = "aq-early-warning-ios/Assets.xcassets"; sourceTree = SOURCE_ROOT; };
		941F8E39273DD7B900C178DB /* Preview Assets.xcassets */ = {isa = PBXFileReference; lastKnownFileType = folder.assetcatalog; path = "Preview Assets.xcassets"; sourceTree = "<group>"; };
		941F8E3F273DD7BA00C178DB /* aq-early-warning-iosTests.xctest */ = {isa = PBXFileReference; explicitFileType = wrapper.cfbundle; includeInIndex = 0; path = "aq-early-warning-iosTests.xctest"; sourceTree = BUILT_PRODUCTS_DIR; };
		941F8E43273DD7BA00C178DB /* aq_early_warning_iosTests.swift */ = {isa = PBXFileReference; lastKnownFileType = sourcecode.swift; path = aq_early_warning_iosTests.swift; sourceTree = "<group>"; };
		941F8E49273DD7BA00C178DB /* aq-early-warning-iosUITests.xctest */ = {isa = PBXFileReference; explicitFileType = wrapper.cfbundle; includeInIndex = 0; path = "aq-early-warning-iosUITests.xctest"; sourceTree = BUILT_PRODUCTS_DIR; };
		941F8E4D273DD7BA00C178DB /* aq_early_warning_iosUITests.swift */ = {isa = PBXFileReference; lastKnownFileType = sourcecode.swift; path = aq_early_warning_iosUITests.swift; sourceTree = "<group>"; };
		941F8E4F273DD7BA00C178DB /* aq_early_warning_iosUITestsLaunchTests.swift */ = {isa = PBXFileReference; lastKnownFileType = sourcecode.swift; path = aq_early_warning_iosUITestsLaunchTests.swift; sourceTree = "<group>"; };
		941F8E5E273DD84D00C178DB /* aq-early-warning-ios.entitlements */ = {isa = PBXFileReference; lastKnownFileType = text.plist.entitlements; path = "aq-early-warning-ios.entitlements"; sourceTree = "<group>"; };
		941F8E62273DDD4600C178DB /* Data.swift */ = {isa = PBXFileReference; lastKnownFileType = sourcecode.swift; path = Data.swift; sourceTree = "<group>"; };
		94759C2627449DC60080C90E /* AqiBreakdownView.swift */ = {isa = PBXFileReference; lastKnownFileType = sourcecode.swift; path = AqiBreakdownView.swift; sourceTree = "<group>"; };
		94759C282744AC440080C90E /* SignInView.swift */ = {isa = PBXFileReference; lastKnownFileType = sourcecode.swift; path = SignInView.swift; sourceTree = "<group>"; };
		94759C2A2745D7C70080C90E /* ForecastView.swift */ = {isa = PBXFileReference; lastKnownFileType = sourcecode.swift; path = ForecastView.swift; sourceTree = "<group>"; };
		94759C2D2745DB130080C90E /* ForecastUtil.swift */ = {isa = PBXFileReference; lastKnownFileType = sourcecode.swift; path = ForecastUtil.swift; sourceTree = "<group>"; };
		947610992748725B00BC4919 /* GoogleService-Info.plist */ = {isa = PBXFileReference; fileEncoding = 4; lastKnownFileType = text.plist.xml; name = "GoogleService-Info.plist"; path = "../../../Downloads/GoogleService-Info.plist"; sourceTree = "<group>"; };
		9476109B274C6A1300BC4919 /* ForecastDetailView.swift */ = {isa = PBXFileReference; lastKnownFileType = sourcecode.swift; path = ForecastDetailView.swift; sourceTree = "<group>"; };
		94C3320A274341C9002101ED /* MainView.swift */ = {isa = PBXFileReference; lastKnownFileType = sourcecode.swift; path = MainView.swift; sourceTree = "<group>"; };
		94C3320C2743431E002101ED /* Api.swift */ = {isa = PBXFileReference; lastKnownFileType = sourcecode.swift; path = Api.swift; sourceTree = "<group>"; };
		94C3320E27434866002101ED /* SettingsView.swift */ = {isa = PBXFileReference; lastKnownFileType = sourcecode.swift; path = SettingsView.swift; sourceTree = "<group>"; };
		94C3321127437752002101ED /* LocationManager.swift */ = {isa = PBXFileReference; lastKnownFileType = sourcecode.swift; path = LocationManager.swift; sourceTree = "<group>"; };
		94C3321327437A86002101ED /* Info.plist */ = {isa = PBXFileReference; lastKnownFileType = text.plist; path = Info.plist; sourceTree = "<group>"; };
		94C3321527437A86002101ED /* MapKit.framework */ = {isa = PBXFileReference; lastKnownFileType = wrapper.framework; name = MapKit.framework; path = System/Library/Frameworks/MapKit.framework; sourceTree = SDKROOT; };
		BAA87EA56010B8D59ED8770C /* Pods-aq-early-warning-ios-aq-early-warning-iosUITests.debug.xcconfig */ = {isa = PBXFileReference; includeInIndex = 1; lastKnownFileType = text.xcconfig; name = "Pods-aq-early-warning-ios-aq-early-warning-iosUITests.debug.xcconfig"; path = "Target Support Files/Pods-aq-early-warning-ios-aq-early-warning-iosUITests/Pods-aq-early-warning-ios-aq-early-warning-iosUITests.debug.xcconfig"; sourceTree = "<group>"; };
		C351E7442C18A1D21D5D0C57 /* Pods_aq_early_warning_iosTests.framework */ = {isa = PBXFileReference; explicitFileType = wrapper.framework; includeInIndex = 0; path = Pods_aq_early_warning_iosTests.framework; sourceTree = BUILT_PRODUCTS_DIR; };
		C83DB44B561EE38DB817345D /* Pods-aq-early-warning-iosTests.release.xcconfig */ = {isa = PBXFileReference; includeInIndex = 1; lastKnownFileType = text.xcconfig; name = "Pods-aq-early-warning-iosTests.release.xcconfig"; path = "Target Support Files/Pods-aq-early-warning-iosTests/Pods-aq-early-warning-iosTests.release.xcconfig"; sourceTree = "<group>"; };
/* End PBXFileReference section */

/* Begin PBXFrameworksBuildPhase section */
		941F8E2C273DD7B800C178DB /* Frameworks */ = {
			isa = PBXFrameworksBuildPhase;
			buildActionMask = 2147483647;
			files = (
				94C3321627437A86002101ED /* MapKit.framework in Frameworks */,
				26AB019E08E0444749583E3E /* Pods_aq_early_warning_ios.framework in Frameworks */,
			);
			runOnlyForDeploymentPostprocessing = 0;
		};
		941F8E3C273DD7BA00C178DB /* Frameworks */ = {
			isa = PBXFrameworksBuildPhase;
			buildActionMask = 2147483647;
			files = (
				87D4EEF2FF7608EAF604C717 /* Pods_aq_early_warning_iosTests.framework in Frameworks */,
			);
			runOnlyForDeploymentPostprocessing = 0;
		};
		941F8E46273DD7BA00C178DB /* Frameworks */ = {
			isa = PBXFrameworksBuildPhase;
			buildActionMask = 2147483647;
			files = (
				FA2E61039CF81A831C4B6D2D /* Pods_aq_early_warning_ios_aq_early_warning_iosUITests.framework in Frameworks */,
			);
			runOnlyForDeploymentPostprocessing = 0;
		};
/* End PBXFrameworksBuildPhase section */

/* Begin PBXGroup section */
		941AA7A72753173600551D87 /* yeti */ = {
			isa = PBXGroup;
			children = (
				941AA7A82753173600551D87 /* yeti__58x58.png */,
				941AA7A92753173600551D87 /* yeti_167x167.png */,
				941AA7AA2753173600551D87 /* yeti_87x87.png */,
				941AA7AB2753173600551D87 /* yeti_80x80.png */,
				941AA7AC2753173600551D87 /* yeti_20x20.png */,
				941AA7AD2753173600551D87 /* yeti_29x29.png */,
				941AA7AE2753173600551D87 /* yeti_1_40x40.png */,
				941AA7AF2753173600551D87 /* yeti.png */,
				941AA7B02753173600551D87 /* yeti_120x120.png */,
				941AA7B12753173600551D87 /* yeti_76x76.png */,
				941AA7B22753173600551D87 /* yeti_58x58.png */,
				941AA7B32753173600551D87 /* yeti_60x60.png */,
				941AA7B42753173600551D87 /* yeti_152x152.png */,
				941AA7B52753173600551D87 /* yeti_1024x1024.png */,
				941AA7B62753173600551D87 /* yeti_180x180.png */,
			);
			path = yeti;
			sourceTree = "<group>";
		};
		941F8E26273DD7B800C178DB = {
			isa = PBXGroup;
			children = (
				941F8E31273DD7B800C178DB /* aq-early-warning-ios */,
				941F8E42273DD7BA00C178DB /* aq-early-warning-iosTests */,
				941F8E4C273DD7BA00C178DB /* aq-early-warning-iosUITests */,
				941F8E30273DD7B800C178DB /* Products */,
				94C3321427437A86002101ED /* Frameworks */,
				E9515B1D713E16631CC9167E /* Pods */,
			);
			sourceTree = "<group>";
		};
		941F8E30273DD7B800C178DB /* Products */ = {
			isa = PBXGroup;
			children = (
				941F8E2F273DD7B800C178DB /* aq-early-warning-ios.app */,
				941F8E3F273DD7BA00C178DB /* aq-early-warning-iosTests.xctest */,
				941F8E49273DD7BA00C178DB /* aq-early-warning-iosUITests.xctest */,
			);
			name = Products;
			sourceTree = "<group>";
		};
		941F8E31273DD7B800C178DB /* aq-early-warning-ios */ = {
			isa = PBXGroup;
			children = (
				947610992748725B00BC4919 /* GoogleService-Info.plist */,
				94759C2C2745DAFB0080C90E /* Utils */,
				94C3321327437A86002101ED /* Info.plist */,
				94C3321027437740002101ED /* Managers */,
				94C3320927434198002101ED /* Views */,
				941F8E5E273DD84D00C178DB /* aq-early-warning-ios.entitlements */,
				941F8E32273DD7B800C178DB /* aq_early_warning_iosApp.swift */,
				941F8E34273DD7B800C178DB /* ContentView.swift */,
				941F8E36273DD7B900C178DB /* Assets.xcassets */,
				941AA7A72753173600551D87 /* yeti */,
				941F8E38273DD7B900C178DB /* Preview Content */,
				941F8E62273DDD4600C178DB /* Data.swift */,
				94C3320C2743431E002101ED /* Api.swift */,
				941AA7A427530BD700551D87 /* Launch Screen.storyboard */,
			);
			path = "aq-early-warning-ios";
			sourceTree = "<group>";
		};
		941F8E38273DD7B900C178DB /* Preview Content */ = {
			isa = PBXGroup;
			children = (
				941F8E39273DD7B900C178DB /* Preview Assets.xcassets */,
			);
			path = "Preview Content";
			sourceTree = "<group>";
		};
		941F8E42273DD7BA00C178DB /* aq-early-warning-iosTests */ = {
			isa = PBXGroup;
			children = (
				941F8E43273DD7BA00C178DB /* aq_early_warning_iosTests.swift */,
			);
			path = "aq-early-warning-iosTests";
			sourceTree = "<group>";
		};
		941F8E4C273DD7BA00C178DB /* aq-early-warning-iosUITests */ = {
			isa = PBXGroup;
			children = (
				941F8E4D273DD7BA00C178DB /* aq_early_warning_iosUITests.swift */,
				941F8E4F273DD7BA00C178DB /* aq_early_warning_iosUITestsLaunchTests.swift */,
			);
			path = "aq-early-warning-iosUITests";
			sourceTree = "<group>";
		};
		94759C2C2745DAFB0080C90E /* Utils */ = {
			isa = PBXGroup;
			children = (
				94759C2D2745DB130080C90E /* ForecastUtil.swift */,
				941AA7A22752F71500551D87 /* JwtUtil.swift */,
			);
			path = Utils;
			sourceTree = "<group>";
		};
		94C3320927434198002101ED /* Views */ = {
			isa = PBXGroup;
			children = (
				94C3320A274341C9002101ED /* MainView.swift */,
				94C3320E27434866002101ED /* SettingsView.swift */,
				94759C2627449DC60080C90E /* AqiBreakdownView.swift */,
				94759C282744AC440080C90E /* SignInView.swift */,
				94759C2A2745D7C70080C90E /* ForecastView.swift */,
				9476109B274C6A1300BC4919 /* ForecastDetailView.swift */,
			);
			path = Views;
			sourceTree = "<group>";
		};
		94C3321027437740002101ED /* Managers */ = {
			isa = PBXGroup;
			children = (
				94C3321127437752002101ED /* LocationManager.swift */,
			);
			path = Managers;
			sourceTree = "<group>";
		};
		94C3321427437A86002101ED /* Frameworks */ = {
			isa = PBXGroup;
			children = (
				94C3321527437A86002101ED /* MapKit.framework */,
				1871CABCE5CD8669ADB62186 /* Pods_aq_early_warning_ios.framework */,
				178E405A08AB4235F111266D /* Pods_aq_early_warning_ios_aq_early_warning_iosUITests.framework */,
				C351E7442C18A1D21D5D0C57 /* Pods_aq_early_warning_iosTests.framework */,
			);
			name = Frameworks;
			sourceTree = "<group>";
		};
		E9515B1D713E16631CC9167E /* Pods */ = {
			isa = PBXGroup;
			children = (
				52892A9057E15A3943D5970C /* Pods-aq-early-warning-ios.debug.xcconfig */,
				2C6B0769CBD90AD8B7F35EDA /* Pods-aq-early-warning-ios.release.xcconfig */,
				BAA87EA56010B8D59ED8770C /* Pods-aq-early-warning-ios-aq-early-warning-iosUITests.debug.xcconfig */,
				71C0DB8E61E4EAB4B2B65466 /* Pods-aq-early-warning-ios-aq-early-warning-iosUITests.release.xcconfig */,
				3C2978F387934A70D26F062C /* Pods-aq-early-warning-iosTests.debug.xcconfig */,
				C83DB44B561EE38DB817345D /* Pods-aq-early-warning-iosTests.release.xcconfig */,
			);
			path = Pods;
			sourceTree = "<group>";
		};
/* End PBXGroup section */

/* Begin PBXNativeTarget section */
		941F8E2E273DD7B800C178DB /* aq-early-warning-ios */ = {
			isa = PBXNativeTarget;
			buildConfigurationList = 941F8E53273DD7BA00C178DB /* Build configuration list for PBXNativeTarget "aq-early-warning-ios" */;
			buildPhases = (
				64294E620A49F47B3B239BAF /* [CP] Check Pods Manifest.lock */,
				941F8E2B273DD7B800C178DB /* Sources */,
				941F8E2C273DD7B800C178DB /* Frameworks */,
				941F8E2D273DD7B800C178DB /* Resources */,
				9E48EDF707A491FE9D0BD69F /* [CP] Embed Pods Frameworks */,
			);
			buildRules = (
			);
			dependencies = (
			);
			name = "aq-early-warning-ios";
			productName = "aq-early-warning-ios";
			productReference = 941F8E2F273DD7B800C178DB /* aq-early-warning-ios.app */;
			productType = "com.apple.product-type.application";
		};
		941F8E3E273DD7BA00C178DB /* aq-early-warning-iosTests */ = {
			isa = PBXNativeTarget;
			buildConfigurationList = 941F8E56273DD7BA00C178DB /* Build configuration list for PBXNativeTarget "aq-early-warning-iosTests" */;
			buildPhases = (
				68C4A21591912F7C49A53145 /* [CP] Check Pods Manifest.lock */,
				941F8E3B273DD7BA00C178DB /* Sources */,
				941F8E3C273DD7BA00C178DB /* Frameworks */,
				941F8E3D273DD7BA00C178DB /* Resources */,
			);
			buildRules = (
			);
			dependencies = (
				941F8E41273DD7BA00C178DB /* PBXTargetDependency */,
			);
			name = "aq-early-warning-iosTests";
			productName = "aq-early-warning-iosTests";
			productReference = 941F8E3F273DD7BA00C178DB /* aq-early-warning-iosTests.xctest */;
			productType = "com.apple.product-type.bundle.unit-test";
		};
		941F8E48273DD7BA00C178DB /* aq-early-warning-iosUITests */ = {
			isa = PBXNativeTarget;
			buildConfigurationList = 941F8E59273DD7BA00C178DB /* Build configuration list for PBXNativeTarget "aq-early-warning-iosUITests" */;
			buildPhases = (
				372660EA1D3501C08645EF9C /* [CP] Check Pods Manifest.lock */,
				941F8E45273DD7BA00C178DB /* Sources */,
				941F8E46273DD7BA00C178DB /* Frameworks */,
				02F464E63C42931C8569AD47 /* [CP] Embed Pods Frameworks */,
				941F8E47273DD7BA00C178DB /* Resources */,
			);
			buildRules = (
			);
			dependencies = (
				941F8E4B273DD7BA00C178DB /* PBXTargetDependency */,
			);
			name = "aq-early-warning-iosUITests";
			productName = "aq-early-warning-iosUITests";
			productReference = 941F8E49273DD7BA00C178DB /* aq-early-warning-iosUITests.xctest */;
			productType = "com.apple.product-type.bundle.ui-testing";
		};
/* End PBXNativeTarget section */

/* Begin PBXProject section */
		941F8E27273DD7B800C178DB /* Project object */ = {
			isa = PBXProject;
			attributes = {
				BuildIndependentTargetsInParallel = 1;
				LastSwiftUpdateCheck = 1310;
				LastUpgradeCheck = 1310;
				TargetAttributes = {
					941F8E2E273DD7B800C178DB = {
						CreatedOnToolsVersion = 13.1;
					};
					941F8E3E273DD7BA00C178DB = {
						CreatedOnToolsVersion = 13.1;
						TestTargetID = 941F8E2E273DD7B800C178DB;
					};
					941F8E48273DD7BA00C178DB = {
						CreatedOnToolsVersion = 13.1;
						TestTargetID = 941F8E2E273DD7B800C178DB;
					};
				};
			};
			buildConfigurationList = 941F8E2A273DD7B800C178DB /* Build configuration list for PBXProject "aq-early-warning-ios" */;
			compatibilityVersion = "Xcode 13.0";
			developmentRegion = en;
			hasScannedForEncodings = 0;
			knownRegions = (
				en,
				Base,
			);
			mainGroup = 941F8E26273DD7B800C178DB;
			productRefGroup = 941F8E30273DD7B800C178DB /* Products */;
			projectDirPath = "";
			projectRoot = "";
			targets = (
				941F8E2E273DD7B800C178DB /* aq-early-warning-ios */,
				941F8E3E273DD7BA00C178DB /* aq-early-warning-iosTests */,
				941F8E48273DD7BA00C178DB /* aq-early-warning-iosUITests */,
			);
		};
/* End PBXProject section */

/* Begin PBXResourcesBuildPhase section */
		941F8E2D273DD7B800C178DB /* Resources */ = {
			isa = PBXResourcesBuildPhase;
			buildActionMask = 2147483647;
			files = (
				941AA7B72753173600551D87 /* yeti__58x58.png in Resources */,
				941AA7BC2753173600551D87 /* yeti_29x29.png in Resources */,
				941AA7BE2753173600551D87 /* yeti.png in Resources */,
				941AA7BB2753173600551D87 /* yeti_20x20.png in Resources */,
				941AA7B82753173600551D87 /* yeti_167x167.png in Resources */,
				941F8E3A273DD7B900C178DB /* Preview Assets.xcassets in Resources */,
				941AA7C52753173600551D87 /* yeti_180x180.png in Resources */,
				941AA7BA2753173600551D87 /* yeti_80x80.png in Resources */,
				941AA7C12753173600551D87 /* yeti_58x58.png in Resources */,
				941AA7A527530BD700551D87 /* Launch Screen.storyboard in Resources */,
				941AA7A6275310C100551D87 /* Assets.xcassets in Resources */,
				9476109A2748725B00BC4919 /* GoogleService-Info.plist in Resources */,
				941AA7B92753173600551D87 /* yeti_87x87.png in Resources */,
				941AA7BF2753173600551D87 /* yeti_120x120.png in Resources */,
				941AA7BD2753173600551D87 /* yeti_1_40x40.png in Resources */,
				941AA7C32753173600551D87 /* yeti_152x152.png in Resources */,
				941AA7C02753173600551D87 /* yeti_76x76.png in Resources */,
				941AA7C22753173600551D87 /* yeti_60x60.png in Resources */,
				941AA7C42753173600551D87 /* yeti_1024x1024.png in Resources */,
			);
			runOnlyForDeploymentPostprocessing = 0;
		};
		941F8E3D273DD7BA00C178DB /* Resources */ = {
			isa = PBXResourcesBuildPhase;
			buildActionMask = 2147483647;
			files = (
			);
			runOnlyForDeploymentPostprocessing = 0;
		};
		941F8E47273DD7BA00C178DB /* Resources */ = {
			isa = PBXResourcesBuildPhase;
			buildActionMask = 2147483647;
			files = (
			);
			runOnlyForDeploymentPostprocessing = 0;
		};
/* End PBXResourcesBuildPhase section */

/* Begin PBXShellScriptBuildPhase section */
		02F464E63C42931C8569AD47 /* [CP] Embed Pods Frameworks */ = {
			isa = PBXShellScriptBuildPhase;
			buildActionMask = 2147483647;
			files = (
			);
			inputFileListPaths = (
				"${PODS_ROOT}/Target Support Files/Pods-aq-early-warning-ios-aq-early-warning-iosUITests/Pods-aq-early-warning-ios-aq-early-warning-iosUITests-frameworks-${CONFIGURATION}-input-files.xcfilelist",
			);
			name = "[CP] Embed Pods Frameworks";
			outputFileListPaths = (
				"${PODS_ROOT}/Target Support Files/Pods-aq-early-warning-ios-aq-early-warning-iosUITests/Pods-aq-early-warning-ios-aq-early-warning-iosUITests-frameworks-${CONFIGURATION}-output-files.xcfilelist",
			);
			runOnlyForDeploymentPostprocessing = 0;
			shellPath = /bin/sh;
			shellScript = "\"${PODS_ROOT}/Target Support Files/Pods-aq-early-warning-ios-aq-early-warning-iosUITests/Pods-aq-early-warning-ios-aq-early-warning-iosUITests-frameworks.sh\"\n";
			showEnvVarsInLog = 0;
		};
		372660EA1D3501C08645EF9C /* [CP] Check Pods Manifest.lock */ = {
			isa = PBXShellScriptBuildPhase;
			buildActionMask = 2147483647;
			files = (
			);
			inputFileListPaths = (
			);
			inputPaths = (
				"${PODS_PODFILE_DIR_PATH}/Podfile.lock",
				"${PODS_ROOT}/Manifest.lock",
			);
			name = "[CP] Check Pods Manifest.lock";
			outputFileListPaths = (
			);
			outputPaths = (
				"$(DERIVED_FILE_DIR)/Pods-aq-early-warning-ios-aq-early-warning-iosUITests-checkManifestLockResult.txt",
			);
			runOnlyForDeploymentPostprocessing = 0;
			shellPath = /bin/sh;
			shellScript = "diff \"${PODS_PODFILE_DIR_PATH}/Podfile.lock\" \"${PODS_ROOT}/Manifest.lock\" > /dev/null\nif [ $? != 0 ] ; then\n    # print error to STDERR\n    echo \"error: The sandbox is not in sync with the Podfile.lock. Run 'pod install' or update your CocoaPods installation.\" >&2\n    exit 1\nfi\n# This output is used by Xcode 'outputs' to avoid re-running this script phase.\necho \"SUCCESS\" > \"${SCRIPT_OUTPUT_FILE_0}\"\n";
			showEnvVarsInLog = 0;
		};
		64294E620A49F47B3B239BAF /* [CP] Check Pods Manifest.lock */ = {
			isa = PBXShellScriptBuildPhase;
			buildActionMask = 2147483647;
			files = (
			);
			inputFileListPaths = (
			);
			inputPaths = (
				"${PODS_PODFILE_DIR_PATH}/Podfile.lock",
				"${PODS_ROOT}/Manifest.lock",
			);
			name = "[CP] Check Pods Manifest.lock";
			outputFileListPaths = (
			);
			outputPaths = (
				"$(DERIVED_FILE_DIR)/Pods-aq-early-warning-ios-checkManifestLockResult.txt",
			);
			runOnlyForDeploymentPostprocessing = 0;
			shellPath = /bin/sh;
			shellScript = "diff \"${PODS_PODFILE_DIR_PATH}/Podfile.lock\" \"${PODS_ROOT}/Manifest.lock\" > /dev/null\nif [ $? != 0 ] ; then\n    # print error to STDERR\n    echo \"error: The sandbox is not in sync with the Podfile.lock. Run 'pod install' or update your CocoaPods installation.\" >&2\n    exit 1\nfi\n# This output is used by Xcode 'outputs' to avoid re-running this script phase.\necho \"SUCCESS\" > \"${SCRIPT_OUTPUT_FILE_0}\"\n";
			showEnvVarsInLog = 0;
		};
		68C4A21591912F7C49A53145 /* [CP] Check Pods Manifest.lock */ = {
			isa = PBXShellScriptBuildPhase;
			buildActionMask = 2147483647;
			files = (
			);
			inputFileListPaths = (
			);
			inputPaths = (
				"${PODS_PODFILE_DIR_PATH}/Podfile.lock",
				"${PODS_ROOT}/Manifest.lock",
			);
			name = "[CP] Check Pods Manifest.lock";
			outputFileListPaths = (
			);
			outputPaths = (
				"$(DERIVED_FILE_DIR)/Pods-aq-early-warning-iosTests-checkManifestLockResult.txt",
			);
			runOnlyForDeploymentPostprocessing = 0;
			shellPath = /bin/sh;
			shellScript = "diff \"${PODS_PODFILE_DIR_PATH}/Podfile.lock\" \"${PODS_ROOT}/Manifest.lock\" > /dev/null\nif [ $? != 0 ] ; then\n    # print error to STDERR\n    echo \"error: The sandbox is not in sync with the Podfile.lock. Run 'pod install' or update your CocoaPods installation.\" >&2\n    exit 1\nfi\n# This output is used by Xcode 'outputs' to avoid re-running this script phase.\necho \"SUCCESS\" > \"${SCRIPT_OUTPUT_FILE_0}\"\n";
			showEnvVarsInLog = 0;
		};
		9E48EDF707A491FE9D0BD69F /* [CP] Embed Pods Frameworks */ = {
			isa = PBXShellScriptBuildPhase;
			buildActionMask = 2147483647;
			files = (
			);
			inputFileListPaths = (
				"${PODS_ROOT}/Target Support Files/Pods-aq-early-warning-ios/Pods-aq-early-warning-ios-frameworks-${CONFIGURATION}-input-files.xcfilelist",
			);
			name = "[CP] Embed Pods Frameworks";
			outputFileListPaths = (
				"${PODS_ROOT}/Target Support Files/Pods-aq-early-warning-ios/Pods-aq-early-warning-ios-frameworks-${CONFIGURATION}-output-files.xcfilelist",
			);
			runOnlyForDeploymentPostprocessing = 0;
			shellPath = /bin/sh;
			shellScript = "\"${PODS_ROOT}/Target Support Files/Pods-aq-early-warning-ios/Pods-aq-early-warning-ios-frameworks.sh\"\n";
			showEnvVarsInLog = 0;
		};
/* End PBXShellScriptBuildPhase section */

/* Begin PBXSourcesBuildPhase section */
		941F8E2B273DD7B800C178DB /* Sources */ = {
			isa = PBXSourcesBuildPhase;
			buildActionMask = 2147483647;
			files = (
				94759C292744AC440080C90E /* SignInView.swift in Sources */,
				94759C2B2745D7C70080C90E /* ForecastView.swift in Sources */,
				94759C2727449DC70080C90E /* AqiBreakdownView.swift in Sources */,
				94C3320F27434866002101ED /* SettingsView.swift in Sources */,
				94C3320D2743431E002101ED /* Api.swift in Sources */,
				941F8E35273DD7B800C178DB /* ContentView.swift in Sources */,
				94C3321227437752002101ED /* LocationManager.swift in Sources */,
				9476109C274C6A1300BC4919 /* ForecastDetailView.swift in Sources */,
				941F8E33273DD7B800C178DB /* aq_early_warning_iosApp.swift in Sources */,
				94C3320B274341C9002101ED /* MainView.swift in Sources */,
				94759C2E2745DB130080C90E /* ForecastUtil.swift in Sources */,
				941F8E63273DDD4600C178DB /* Data.swift in Sources */,
				941AA7A32752F71500551D87 /* JwtUtil.swift in Sources */,
			);
			runOnlyForDeploymentPostprocessing = 0;
		};
		941F8E3B273DD7BA00C178DB /* Sources */ = {
			isa = PBXSourcesBuildPhase;
			buildActionMask = 2147483647;
			files = (
				941F8E44273DD7BA00C178DB /* aq_early_warning_iosTests.swift in Sources */,
			);
			runOnlyForDeploymentPostprocessing = 0;
		};
		941F8E45273DD7BA00C178DB /* Sources */ = {
			isa = PBXSourcesBuildPhase;
			buildActionMask = 2147483647;
			files = (
				941F8E4E273DD7BA00C178DB /* aq_early_warning_iosUITests.swift in Sources */,
				941F8E50273DD7BA00C178DB /* aq_early_warning_iosUITestsLaunchTests.swift in Sources */,
			);
			runOnlyForDeploymentPostprocessing = 0;
		};
/* End PBXSourcesBuildPhase section */

/* Begin PBXTargetDependency section */
		941F8E41273DD7BA00C178DB /* PBXTargetDependency */ = {
			isa = PBXTargetDependency;
			target = 941F8E2E273DD7B800C178DB /* aq-early-warning-ios */;
			targetProxy = 941F8E40273DD7BA00C178DB /* PBXContainerItemProxy */;
		};
		941F8E4B273DD7BA00C178DB /* PBXTargetDependency */ = {
			isa = PBXTargetDependency;
			target = 941F8E2E273DD7B800C178DB /* aq-early-warning-ios */;
			targetProxy = 941F8E4A273DD7BA00C178DB /* PBXContainerItemProxy */;
		};
/* End PBXTargetDependency section */

/* Begin XCBuildConfiguration section */
		941F8E51273DD7BA00C178DB /* Debug */ = {
			isa = XCBuildConfiguration;
			buildSettings = {
				ALWAYS_SEARCH_USER_PATHS = NO;
				CLANG_ANALYZER_NONNULL = YES;
				CLANG_ANALYZER_NUMBER_OBJECT_CONVERSION = YES_AGGRESSIVE;
				CLANG_CXX_LANGUAGE_STANDARD = "gnu++17";
				CLANG_CXX_LIBRARY = "libc++";
				CLANG_ENABLE_MODULES = YES;
				CLANG_ENABLE_OBJC_ARC = YES;
				CLANG_ENABLE_OBJC_WEAK = YES;
				CLANG_WARN_BLOCK_CAPTURE_AUTORELEASING = YES;
				CLANG_WARN_BOOL_CONVERSION = YES;
				CLANG_WARN_COMMA = YES;
				CLANG_WARN_CONSTANT_CONVERSION = YES;
				CLANG_WARN_DEPRECATED_OBJC_IMPLEMENTATIONS = YES;
				CLANG_WARN_DIRECT_OBJC_ISA_USAGE = YES_ERROR;
				CLANG_WARN_DOCUMENTATION_COMMENTS = YES;
				CLANG_WARN_EMPTY_BODY = YES;
				CLANG_WARN_ENUM_CONVERSION = YES;
				CLANG_WARN_INFINITE_RECURSION = YES;
				CLANG_WARN_INT_CONVERSION = YES;
				CLANG_WARN_NON_LITERAL_NULL_CONVERSION = YES;
				CLANG_WARN_OBJC_IMPLICIT_RETAIN_SELF = YES;
				CLANG_WARN_OBJC_LITERAL_CONVERSION = YES;
				CLANG_WARN_OBJC_ROOT_CLASS = YES_ERROR;
				CLANG_WARN_QUOTED_INCLUDE_IN_FRAMEWORK_HEADER = YES;
				CLANG_WARN_RANGE_LOOP_ANALYSIS = YES;
				CLANG_WARN_STRICT_PROTOTYPES = YES;
				CLANG_WARN_SUSPICIOUS_MOVE = YES;
				CLANG_WARN_UNGUARDED_AVAILABILITY = YES_AGGRESSIVE;
				CLANG_WARN_UNREACHABLE_CODE = YES;
				CLANG_WARN__DUPLICATE_METHOD_MATCH = YES;
				COPY_PHASE_STRIP = NO;
				DEBUG_INFORMATION_FORMAT = dwarf;
				ENABLE_STRICT_OBJC_MSGSEND = YES;
				ENABLE_TESTABILITY = YES;
				GCC_C_LANGUAGE_STANDARD = gnu11;
				GCC_DYNAMIC_NO_PIC = NO;
				GCC_NO_COMMON_BLOCKS = YES;
				GCC_OPTIMIZATION_LEVEL = 0;
				GCC_PREPROCESSOR_DEFINITIONS = (
					"DEBUG=1",
					"$(inherited)",
				);
				GCC_WARN_64_TO_32_BIT_CONVERSION = YES;
				GCC_WARN_ABOUT_RETURN_TYPE = YES_ERROR;
				GCC_WARN_UNDECLARED_SELECTOR = YES;
				GCC_WARN_UNINITIALIZED_AUTOS = YES_AGGRESSIVE;
				GCC_WARN_UNUSED_FUNCTION = YES;
				GCC_WARN_UNUSED_VARIABLE = YES;
				IPHONEOS_DEPLOYMENT_TARGET = 15.0;
				MTL_ENABLE_DEBUG_INFO = INCLUDE_SOURCE;
				MTL_FAST_MATH = YES;
				ONLY_ACTIVE_ARCH = YES;
				SDKROOT = iphoneos;
				SWIFT_ACTIVE_COMPILATION_CONDITIONS = DEBUG;
				SWIFT_OPTIMIZATION_LEVEL = "-Onone";
			};
			name = Debug;
		};
		941F8E52273DD7BA00C178DB /* Release */ = {
			isa = XCBuildConfiguration;
			buildSettings = {
				ALWAYS_SEARCH_USER_PATHS = NO;
				CLANG_ANALYZER_NONNULL = YES;
				CLANG_ANALYZER_NUMBER_OBJECT_CONVERSION = YES_AGGRESSIVE;
				CLANG_CXX_LANGUAGE_STANDARD = "gnu++17";
				CLANG_CXX_LIBRARY = "libc++";
				CLANG_ENABLE_MODULES = YES;
				CLANG_ENABLE_OBJC_ARC = YES;
				CLANG_ENABLE_OBJC_WEAK = YES;
				CLANG_WARN_BLOCK_CAPTURE_AUTORELEASING = YES;
				CLANG_WARN_BOOL_CONVERSION = YES;
				CLANG_WARN_COMMA = YES;
				CLANG_WARN_CONSTANT_CONVERSION = YES;
				CLANG_WARN_DEPRECATED_OBJC_IMPLEMENTATIONS = YES;
				CLANG_WARN_DIRECT_OBJC_ISA_USAGE = YES_ERROR;
				CLANG_WARN_DOCUMENTATION_COMMENTS = YES;
				CLANG_WARN_EMPTY_BODY = YES;
				CLANG_WARN_ENUM_CONVERSION = YES;
				CLANG_WARN_INFINITE_RECURSION = YES;
				CLANG_WARN_INT_CONVERSION = YES;
				CLANG_WARN_NON_LITERAL_NULL_CONVERSION = YES;
				CLANG_WARN_OBJC_IMPLICIT_RETAIN_SELF = YES;
				CLANG_WARN_OBJC_LITERAL_CONVERSION = YES;
				CLANG_WARN_OBJC_ROOT_CLASS = YES_ERROR;
				CLANG_WARN_QUOTED_INCLUDE_IN_FRAMEWORK_HEADER = YES;
				CLANG_WARN_RANGE_LOOP_ANALYSIS = YES;
				CLANG_WARN_STRICT_PROTOTYPES = YES;
				CLANG_WARN_SUSPICIOUS_MOVE = YES;
				CLANG_WARN_UNGUARDED_AVAILABILITY = YES_AGGRESSIVE;
				CLANG_WARN_UNREACHABLE_CODE = YES;
				CLANG_WARN__DUPLICATE_METHOD_MATCH = YES;
				COPY_PHASE_STRIP = NO;
				DEBUG_INFORMATION_FORMAT = "dwarf-with-dsym";
				ENABLE_NS_ASSERTIONS = NO;
				ENABLE_STRICT_OBJC_MSGSEND = YES;
				GCC_C_LANGUAGE_STANDARD = gnu11;
				GCC_NO_COMMON_BLOCKS = YES;
				GCC_WARN_64_TO_32_BIT_CONVERSION = YES;
				GCC_WARN_ABOUT_RETURN_TYPE = YES_ERROR;
				GCC_WARN_UNDECLARED_SELECTOR = YES;
				GCC_WARN_UNINITIALIZED_AUTOS = YES_AGGRESSIVE;
				GCC_WARN_UNUSED_FUNCTION = YES;
				GCC_WARN_UNUSED_VARIABLE = YES;
				IPHONEOS_DEPLOYMENT_TARGET = 15.0;
				MTL_ENABLE_DEBUG_INFO = NO;
				MTL_FAST_MATH = YES;
				SDKROOT = iphoneos;
				SWIFT_COMPILATION_MODE = wholemodule;
				SWIFT_OPTIMIZATION_LEVEL = "-O";
				VALIDATE_PRODUCT = YES;
			};
			name = Release;
		};
		941F8E54273DD7BA00C178DB /* Debug */ = {
			isa = XCBuildConfiguration;
			baseConfigurationReference = 52892A9057E15A3943D5970C /* Pods-aq-early-warning-ios.debug.xcconfig */;
			buildSettings = {
				ASSETCATALOG_COMPILER_ALTERNATE_APPICON_NAMES = AppIcon;
				ASSETCATALOG_COMPILER_APPICON_NAME = AppIcon;
				ASSETCATALOG_COMPILER_GLOBAL_ACCENT_COLOR_NAME = AccentColor;
				ASSETCATALOG_COMPILER_INCLUDE_ALL_APPICON_ASSETS = YES;
				CODE_SIGN_ENTITLEMENTS = "aq-early-warning-ios/aq-early-warning-ios.entitlements";
				CODE_SIGN_STYLE = Automatic;
				CURRENT_PROJECT_VERSION = 4;
				DEVELOPMENT_ASSET_PATHS = "\"aq-early-warning-ios/Preview Content\"";
				DEVELOPMENT_TEAM = F6AWFYVDL5;
				EMBED_ASSET_PACKS_IN_PRODUCT_BUNDLE = YES;
				ENABLE_PREVIEWS = YES;
				GENERATE_INFOPLIST_FILE = YES;
				INFOPLIST_FILE = "aq-early-warning-ios/Info.plist";
				INFOPLIST_KEY_CFBundleDisplayName = "AQ Alert";
				INFOPLIST_KEY_NSLocationWhenInUseUsageDescription = "We use this information to ensure that you get up to date reports on the air quality in your area";
				INFOPLIST_KEY_UIApplicationSceneManifest_Generation = YES;
				INFOPLIST_KEY_UIApplicationSupportsIndirectInputEvents = YES;
				INFOPLIST_KEY_UILaunchScreen_Generation = YES;
				INFOPLIST_KEY_UISupportedInterfaceOrientations = UIInterfaceOrientationPortrait;
				INFOPLIST_KEY_UISupportedInterfaceOrientations_iPad = "UIInterfaceOrientationPortrait UIInterfaceOrientationPortraitUpsideDown UIInterfaceOrientationLandscapeLeft UIInterfaceOrientationLandscapeRight";
				INFOPLIST_KEY_UISupportedInterfaceOrientations_iPhone = "UIInterfaceOrientationPortrait UIInterfaceOrientationLandscapeLeft UIInterfaceOrientationLandscapeRight";
				LD_RUNPATH_SEARCH_PATHS = (
					"$(inherited)",
					"@executable_path/Frameworks",
				);
				MARKETING_VERSION = 0.1.0;
				PRODUCT_BUNDLE_IDENTIFIER = "t.aq-early-warning-ios";
				PRODUCT_NAME = "$(TARGET_NAME)";
				SWIFT_EMIT_LOC_STRINGS = YES;
				SWIFT_VERSION = 5.0;
				TARGETED_DEVICE_FAMILY = 1;
			};
			name = Debug;
		};
		941F8E55273DD7BA00C178DB /* Release */ = {
			isa = XCBuildConfiguration;
			baseConfigurationReference = 2C6B0769CBD90AD8B7F35EDA /* Pods-aq-early-warning-ios.release.xcconfig */;
			buildSettings = {
				ASSETCATALOG_COMPILER_ALTERNATE_APPICON_NAMES = AppIcon;
				ASSETCATALOG_COMPILER_APPICON_NAME = AppIcon;
				ASSETCATALOG_COMPILER_GLOBAL_ACCENT_COLOR_NAME = AccentColor;
				ASSETCATALOG_COMPILER_INCLUDE_ALL_APPICON_ASSETS = YES;
				CODE_SIGN_ENTITLEMENTS = "aq-early-warning-ios/aq-early-warning-ios.entitlements";
				CODE_SIGN_STYLE = Automatic;
				CURRENT_PROJECT_VERSION = 4;
				DEVELOPMENT_ASSET_PATHS = "\"aq-early-warning-ios/Preview Content\"";
				DEVELOPMENT_TEAM = F6AWFYVDL5;
				EMBED_ASSET_PACKS_IN_PRODUCT_BUNDLE = YES;
				ENABLE_PREVIEWS = YES;
				GENERATE_INFOPLIST_FILE = YES;
				INFOPLIST_FILE = "aq-early-warning-ios/Info.plist";
				INFOPLIST_KEY_CFBundleDisplayName = "AQ Alert";
				INFOPLIST_KEY_NSLocationWhenInUseUsageDescription = "We use this information to ensure that you get up to date reports on the air quality in your area";
				INFOPLIST_KEY_UIApplicationSceneManifest_Generation = YES;
				INFOPLIST_KEY_UIApplicationSupportsIndirectInputEvents = YES;
				INFOPLIST_KEY_UILaunchScreen_Generation = YES;
				INFOPLIST_KEY_UISupportedInterfaceOrientations = UIInterfaceOrientationPortrait;
				INFOPLIST_KEY_UISupportedInterfaceOrientations_iPad = "UIInterfaceOrientationPortrait UIInterfaceOrientationPortraitUpsideDown UIInterfaceOrientationLandscapeLeft UIInterfaceOrientationLandscapeRight";
				INFOPLIST_KEY_UISupportedInterfaceOrientations_iPhone = "UIInterfaceOrientationPortrait UIInterfaceOrientationLandscapeLeft UIInterfaceOrientationLandscapeRight";
				LD_RUNPATH_SEARCH_PATHS = (
					"$(inherited)",
					"@executable_path/Frameworks",
				);
				MARKETING_VERSION = 0.1.0;
				PRODUCT_BUNDLE_IDENTIFIER = "t.aq-early-warning-ios";
				PRODUCT_NAME = "$(TARGET_NAME)";
				SWIFT_EMIT_LOC_STRINGS = YES;
				SWIFT_VERSION = 5.0;
				TARGETED_DEVICE_FAMILY = 1;
			};
			name = Release;
		};
		941F8E57273DD7BA00C178DB /* Debug */ = {
			isa = XCBuildConfiguration;
			baseConfigurationReference = 3C2978F387934A70D26F062C /* Pods-aq-early-warning-iosTests.debug.xcconfig */;
			buildSettings = {
				ALWAYS_EMBED_SWIFT_STANDARD_LIBRARIES = YES;
				BUNDLE_LOADER = "$(TEST_HOST)";
				CODE_SIGN_STYLE = Automatic;
				CURRENT_PROJECT_VERSION = 1;
				DEVELOPMENT_TEAM = F6AWFYVDL5;
				GENERATE_INFOPLIST_FILE = YES;
				IPHONEOS_DEPLOYMENT_TARGET = 15.0;
				LD_RUNPATH_SEARCH_PATHS = (
					"$(inherited)",
					"@executable_path/Frameworks",
					"@loader_path/Frameworks",
				);
				MARKETING_VERSION = 1.0;
				PRODUCT_BUNDLE_IDENTIFIER = "t.aq-early-warning-iosTests";
				PRODUCT_NAME = "$(TARGET_NAME)";
				SWIFT_EMIT_LOC_STRINGS = NO;
				SWIFT_VERSION = 5.0;
				TARGETED_DEVICE_FAMILY = "1,2";
				TEST_HOST = "$(BUILT_PRODUCTS_DIR)/aq-early-warning-ios.app/aq-early-warning-ios";
			};
			name = Debug;
		};
		941F8E58273DD7BA00C178DB /* Release */ = {
			isa = XCBuildConfiguration;
			baseConfigurationReference = C83DB44B561EE38DB817345D /* Pods-aq-early-warning-iosTests.release.xcconfig */;
			buildSettings = {
				ALWAYS_EMBED_SWIFT_STANDARD_LIBRARIES = YES;
				BUNDLE_LOADER = "$(TEST_HOST)";
				CODE_SIGN_STYLE = Automatic;
				CURRENT_PROJECT_VERSION = 1;
				DEVELOPMENT_TEAM = F6AWFYVDL5;
				GENERATE_INFOPLIST_FILE = YES;
				IPHONEOS_DEPLOYMENT_TARGET = 15.0;
				LD_RUNPATH_SEARCH_PATHS = (
					"$(inherited)",
					"@executable_path/Frameworks",
					"@loader_path/Frameworks",
				);
				MARKETING_VERSION = 1.0;
				PRODUCT_BUNDLE_IDENTIFIER = "t.aq-early-warning-iosTests";
				PRODUCT_NAME = "$(TARGET_NAME)";
				SWIFT_EMIT_LOC_STRINGS = NO;
				SWIFT_VERSION = 5.0;
				TARGETED_DEVICE_FAMILY = "1,2";
				TEST_HOST = "$(BUILT_PRODUCTS_DIR)/aq-early-warning-ios.app/aq-early-warning-ios";
			};
			name = Release;
		};
		941F8E5A273DD7BA00C178DB /* Debug */ = {
			isa = XCBuildConfiguration;
			baseConfigurationReference = BAA87EA56010B8D59ED8770C /* Pods-aq-early-warning-ios-aq-early-warning-iosUITests.debug.xcconfig */;
			buildSettings = {
				ALWAYS_EMBED_SWIFT_STANDARD_LIBRARIES = YES;
				CODE_SIGN_STYLE = Automatic;
				CURRENT_PROJECT_VERSION = 1;
				DEVELOPMENT_TEAM = F6AWFYVDL5;
				GENERATE_INFOPLIST_FILE = YES;
				LD_RUNPATH_SEARCH_PATHS = (
					"$(inherited)",
					"@executable_path/Frameworks",
					"@loader_path/Frameworks",
				);
				MARKETING_VERSION = 1.0;
				PRODUCT_BUNDLE_IDENTIFIER = "t.aq-early-warning-iosUITests";
				PRODUCT_NAME = "$(TARGET_NAME)";
				SWIFT_EMIT_LOC_STRINGS = NO;
				SWIFT_VERSION = 5.0;
				TARGETED_DEVICE_FAMILY = "1,2";
				TEST_TARGET_NAME = "aq-early-warning-ios";
			};
			name = Debug;
		};
		941F8E5B273DD7BA00C178DB /* Release */ = {
			isa = XCBuildConfiguration;
			baseConfigurationReference = 71C0DB8E61E4EAB4B2B65466 /* Pods-aq-early-warning-ios-aq-early-warning-iosUITests.release.xcconfig */;
			buildSettings = {
				ALWAYS_EMBED_SWIFT_STANDARD_LIBRARIES = YES;
				CODE_SIGN_STYLE = Automatic;
				CURRENT_PROJECT_VERSION = 1;
				DEVELOPMENT_TEAM = F6AWFYVDL5;
				GENERATE_INFOPLIST_FILE = YES;
				LD_RUNPATH_SEARCH_PATHS = (
					"$(inherited)",
					"@executable_path/Frameworks",
					"@loader_path/Frameworks",
				);
				MARKETING_VERSION = 1.0;
				PRODUCT_BUNDLE_IDENTIFIER = "t.aq-early-warning-iosUITests";
				PRODUCT_NAME = "$(TARGET_NAME)";
				SWIFT_EMIT_LOC_STRINGS = NO;
				SWIFT_VERSION = 5.0;
				TARGETED_DEVICE_FAMILY = "1,2";
				TEST_TARGET_NAME = "aq-early-warning-ios";
			};
			name = Release;
		};
/* End XCBuildConfiguration section */

/* Begin XCConfigurationList section */
		941F8E2A273DD7B800C178DB /* Build configuration list for PBXProject "aq-early-warning-ios" */ = {
			isa = XCConfigurationList;
			buildConfigurations = (
				941F8E51273DD7BA00C178DB /* Debug */,
				941F8E52273DD7BA00C178DB /* Release */,
			);
			defaultConfigurationIsVisible = 0;
			defaultConfigurationName = Release;
		};
		941F8E53273DD7BA00C178DB /* Build configuration list for PBXNativeTarget "aq-early-warning-ios" */ = {
			isa = XCConfigurationList;
			buildConfigurations = (
				941F8E54273DD7BA00C178DB /* Debug */,
				941F8E55273DD7BA00C178DB /* Release */,
			);
			defaultConfigurationIsVisible = 0;
			defaultConfigurationName = Release;
		};
		941F8E56273DD7BA00C178DB /* Build configuration list for PBXNativeTarget "aq-early-warning-iosTests" */ = {
			isa = XCConfigurationList;
			buildConfigurations = (
				941F8E57273DD7BA00C178DB /* Debug */,
				941F8E58273DD7BA00C178DB /* Release */,
			);
			defaultConfigurationIsVisible = 0;
			defaultConfigurationName = Release;
		};
		941F8E59273DD7BA00C178DB /* Build configuration list for PBXNativeTarget "aq-early-warning-iosUITests" */ = {
			isa = XCConfigurationList;
			buildConfigurations = (
				941F8E5A273DD7BA00C178DB /* Debug */,
				941F8E5B273DD7BA00C178DB /* Release */,
			);
			defaultConfigurationIsVisible = 0;
			defaultConfigurationName = Release;
		};
/* End XCConfigurationList section */
	};
	rootObject = 941F8E27273DD7B800C178DB /* Project object */;
}
