// !$*UTF8*$!
{
	archiveVersion = 1;
	classes = {
	};
	objectVersion = 55;
	objects = {

/* Begin PBXBuildFile section */
		941F8E33273DD7B800C178DB /* aq_early_warning_iosApp.swift in Sources */ = {isa = PBXBuildFile; fileRef = 941F8E32273DD7B800C178DB /* aq_early_warning_iosApp.swift */; };
		941F8E35273DD7B800C178DB /* ContentView.swift in Sources */ = {isa = PBXBuildFile; fileRef = 941F8E34273DD7B800C178DB /* ContentView.swift */; };
		941F8E37273DD7B900C178DB /* Assets.xcassets in Resources */ = {isa = PBXBuildFile; fileRef = 941F8E36273DD7B900C178DB /* Assets.xcassets */; };
		941F8E3A273DD7B900C178DB /* Preview Assets.xcassets in Resources */ = {isa = PBXBuildFile; fileRef = 941F8E39273DD7B900C178DB /* Preview Assets.xcassets */; };
		941F8E44273DD7BA00C178DB /* aq_early_warning_iosTests.swift in Sources */ = {isa = PBXBuildFile; fileRef = 941F8E43273DD7BA00C178DB /* aq_early_warning_iosTests.swift */; };
		941F8E4E273DD7BA00C178DB /* aq_early_warning_iosUITests.swift in Sources */ = {isa = PBXBuildFile; fileRef = 941F8E4D273DD7BA00C178DB /* aq_early_warning_iosUITests.swift */; };
		941F8E50273DD7BA00C178DB /* aq_early_warning_iosUITestsLaunchTests.swift in Sources */ = {isa = PBXBuildFile; fileRef = 941F8E4F273DD7BA00C178DB /* aq_early_warning_iosUITestsLaunchTests.swift */; };
		941F8E5D273DD7DC00C178DB /* SignInView.swift in Sources */ = {isa = PBXBuildFile; fileRef = 941F8E5C273DD7DC00C178DB /* SignInView.swift */; };
		941F8E63273DDD4600C178DB /* Data.swift in Sources */ = {isa = PBXBuildFile; fileRef = 941F8E62273DDD4600C178DB /* Data.swift */; };
		94759C2727449DC70080C90E /* AqiBreakdownView.swift in Sources */ = {isa = PBXBuildFile; fileRef = 94759C2627449DC60080C90E /* AqiBreakdownView.swift */; };
		94C3320B274341C9002101ED /* mainView.swift in Sources */ = {isa = PBXBuildFile; fileRef = 94C3320A274341C9002101ED /* mainView.swift */; };
		94C3320D2743431E002101ED /* Api.swift in Sources */ = {isa = PBXBuildFile; fileRef = 94C3320C2743431E002101ED /* Api.swift */; };
		94C3320F27434866002101ED /* SettingsView.swift in Sources */ = {isa = PBXBuildFile; fileRef = 94C3320E27434866002101ED /* SettingsView.swift */; };
		94C3321227437752002101ED /* LocationManager.swift in Sources */ = {isa = PBXBuildFile; fileRef = 94C3321127437752002101ED /* LocationManager.swift */; };
		94C3321627437A86002101ED /* MapKit.framework in Frameworks */ = {isa = PBXBuildFile; fileRef = 94C3321527437A86002101ED /* MapKit.framework */; };
/* End PBXBuildFile section */

/* Begin PBXContainerItemProxy section */
		941F8E40273DD7BA00C178DB /* PBXContainerItemProxy */ = {
			isa = PBXContainerItemProxy;
			containerPortal = 941F8E27273DD7B800C178DB /* Project object */;
			proxyType = 1;
			remoteGlobalIDString = 941F8E2E273DD7B800C178DB;
			remoteInfo = "aq-early-warning-ios";
		};
		941F8E4A273DD7BA00C178DB /* PBXContainerItemProxy */ = {
			isa = PBXContainerItemProxy;
			containerPortal = 941F8E27273DD7B800C178DB /* Project object */;
			proxyType = 1;
			remoteGlobalIDString = 941F8E2E273DD7B800C178DB;
			remoteInfo = "aq-early-warning-ios";
		};
/* End PBXContainerItemProxy section */

/* Begin PBXFileReference section */
		941F8E2F273DD7B800C178DB /* aq-early-warning-ios.app */ = {isa = PBXFileReference; explicitFileType = wrapper.application; includeInIndex = 0; path = "aq-early-warning-ios.app"; sourceTree = BUILT_PRODUCTS_DIR; };
		941F8E32273DD7B800C178DB /* aq_early_warning_iosApp.swift */ = {isa = PBXFileReference; lastKnownFileType = sourcecode.swift; path = aq_early_warning_iosApp.swift; sourceTree = "<group>"; };
		941F8E34273DD7B800C178DB /* ContentView.swift */ = {isa = PBXFileReference; lastKnownFileType = sourcecode.swift; path = ContentView.swift; sourceTree = "<group>"; };
		941F8E36273DD7B900C178DB /* Assets.xcassets */ = {isa = PBXFileReference; lastKnownFileType = folder.assetcatalog; path = Assets.xcassets; sourceTree = "<group>"; };
		941F8E39273DD7B900C178DB /* Preview Assets.xcassets */ = {isa = PBXFileReference; lastKnownFileType = folder.assetcatalog; path = "Preview Assets.xcassets"; sourceTree = "<group>"; };
		941F8E3F273DD7BA00C178DB /* aq-early-warning-iosTests.xctest */ = {isa = PBXFileReference; explicitFileType = wrapper.cfbundle; includeInIndex = 0; path = "aq-early-warning-iosTests.xctest"; sourceTree = BUILT_PRODUCTS_DIR; };
		941F8E43273DD7BA00C178DB /* aq_early_warning_iosTests.swift */ = {isa = PBXFileReference; lastKnownFileType = sourcecode.swift; path = aq_early_warning_iosTests.swift; sourceTree = "<group>"; };
		941F8E49273DD7BA00C178DB /* aq-early-warning-iosUITests.xctest */ = {isa = PBXFileReference; explicitFileType = wrapper.cfbundle; includeInIndex = 0; path = "aq-early-warning-iosUITests.xctest"; sourceTree = BUILT_PRODUCTS_DIR; };
		941F8E4D273DD7BA00C178DB /* aq_early_warning_iosUITests.swift */ = {isa = PBXFileReference; lastKnownFileType = sourcecode.swift; path = aq_early_warning_iosUITests.swift; sourceTree = "<group>"; };
		941F8E4F273DD7BA00C178DB /* aq_early_warning_iosUITestsLaunchTests.swift */ = {isa = PBXFileReference; lastKnownFileType = sourcecode.swift; path = aq_early_warning_iosUITestsLaunchTests.swift; sourceTree = "<group>"; };
		941F8E5C273DD7DC00C178DB /* SignInView.swift */ = {isa = PBXFileReference; lastKnownFileType = sourcecode.swift; path = SignInView.swift; sourceTree = "<group>"; };
		941F8E5E273DD84D00C178DB /* aq-early-warning-ios.entitlements */ = {isa = PBXFileReference; lastKnownFileType = text.plist.entitlements; path = "aq-early-warning-ios.entitlements"; sourceTree = "<group>"; };
		941F8E62273DDD4600C178DB /* Data.swift */ = {isa = PBXFileReference; lastKnownFileType = sourcecode.swift; path = Data.swift; sourceTree = "<group>"; };
		94759C2627449DC60080C90E /* AqiBreakdownView.swift */ = {isa = PBXFileReference; lastKnownFileType = sourcecode.swift; path = AqiBreakdownView.swift; sourceTree = "<group>"; };
		94C3320A274341C9002101ED /* mainView.swift */ = {isa = PBXFileReference; lastKnownFileType = sourcecode.swift; path = mainView.swift; sourceTree = "<group>"; };
		94C3320C2743431E002101ED /* Api.swift */ = {isa = PBXFileReference; lastKnownFileType = sourcecode.swift; path = Api.swift; sourceTree = "<group>"; };
		94C3320E27434866002101ED /* SettingsView.swift */ = {isa = PBXFileReference; lastKnownFileType = sourcecode.swift; path = SettingsView.swift; sourceTree = "<group>"; };
		94C3321127437752002101ED /* LocationManager.swift */ = {isa = PBXFileReference; lastKnownFileType = sourcecode.swift; path = LocationManager.swift; sourceTree = "<group>"; };
		94C3321327437A86002101ED /* Info.plist */ = {isa = PBXFileReference; lastKnownFileType = text.plist; path = Info.plist; sourceTree = "<group>"; };
		94C3321527437A86002101ED /* MapKit.framework */ = {isa = PBXFileReference; lastKnownFileType = wrapper.framework; name = MapKit.framework; path = System/Library/Frameworks/MapKit.framework; sourceTree = SDKROOT; };
/* End PBXFileReference section */

/* Begin PBXFrameworksBuildPhase section */
		941F8E2C273DD7B800C178DB /* Frameworks */ = {
			isa = PBXFrameworksBuildPhase;
			buildActionMask = 2147483647;
			files = (
				94C3321627437A86002101ED /* MapKit.framework in Frameworks */,
			);
			runOnlyForDeploymentPostprocessing = 0;
		};
		941F8E3C273DD7BA00C178DB /* Frameworks */ = {
			isa = PBXFrameworksBuildPhase;
			buildActionMask = 2147483647;
			files = (
			);
			runOnlyForDeploymentPostprocessing = 0;
		};
		941F8E46273DD7BA00C178DB /* Frameworks */ = {
			isa = PBXFrameworksBuildPhase;
			buildActionMask = 2147483647;
			files = (
			);
			runOnlyForDeploymentPostprocessing = 0;
		};
/* End PBXFrameworksBuildPhase section */

/* Begin PBXGroup section */
		941F8E26273DD7B800C178DB = {
			isa = PBXGroup;
			children = (
				941F8E31273DD7B800C178DB /* aq-early-warning-ios */,
				941F8E42273DD7BA00C178DB /* aq-early-warning-iosTests */,
				941F8E4C273DD7BA00C178DB /* aq-early-warning-iosUITests */,
				941F8E30273DD7B800C178DB /* Products */,
				94C3321427437A86002101ED /* Frameworks */,
			);
			sourceTree = "<group>";
		};
		941F8E30273DD7B800C178DB /* Products */ = {
			isa = PBXGroup;
			children = (
				941F8E2F273DD7B800C178DB /* aq-early-warning-ios.app */,
				941F8E3F273DD7BA00C178DB /* aq-early-warning-iosTests.xctest */,
				941F8E49273DD7BA00C178DB /* aq-early-warning-iosUITests.xctest */,
			);
			name = Products;
			sourceTree = "<group>";
		};
		941F8E31273DD7B800C178DB /* aq-early-warning-ios */ = {
			isa = PBXGroup;
			children = (
				94C3321327437A86002101ED /* Info.plist */,
				94C3321027437740002101ED /* Managers */,
				94C3320927434198002101ED /* Views */,
				941F8E5E273DD84D00C178DB /* aq-early-warning-ios.entitlements */,
				941F8E32273DD7B800C178DB /* aq_early_warning_iosApp.swift */,
				941F8E34273DD7B800C178DB /* ContentView.swift */,
				941F8E36273DD7B900C178DB /* Assets.xcassets */,
				941F8E38273DD7B900C178DB /* Preview Content */,
				941F8E62273DDD4600C178DB /* Data.swift */,
				94C3320C2743431E002101ED /* Api.swift */,
			);
			path = "aq-early-warning-ios";
			sourceTree = "<group>";
		};
		941F8E38273DD7B900C178DB /* Preview Content */ = {
			isa = PBXGroup;
			children = (
				941F8E39273DD7B900C178DB /* Preview Assets.xcassets */,
			);
			path = "Preview Content";
			sourceTree = "<group>";
		};
		941F8E42273DD7BA00C178DB /* aq-early-warning-iosTests */ = {
			isa = PBXGroup;
			children = (
				941F8E43273DD7BA00C178DB /* aq_early_warning_iosTests.swift */,
			);
			path = "aq-early-warning-iosTests";
			sourceTree = "<group>";
		};
		941F8E4C273DD7BA00C178DB /* aq-early-warning-iosUITests */ = {
			isa = PBXGroup;
			children = (
				941F8E4D273DD7BA00C178DB /* aq_early_warning_iosUITests.swift */,
				941F8E4F273DD7BA00C178DB /* aq_early_warning_iosUITestsLaunchTests.swift */,
			);
			path = "aq-early-warning-iosUITests";
			sourceTree = "<group>";
		};
		94C3320927434198002101ED /* Views */ = {
			isa = PBXGroup;
			children = (
				941F8E5C273DD7DC00C178DB /* SignInView.swift */,
				94C3320A274341C9002101ED /* mainView.swift */,
				94C3320E27434866002101ED /* SettingsView.swift */,
				94759C2627449DC60080C90E /* AqiBreakdownView.swift */,
			);
			path = Views;
			sourceTree = "<group>";
		};
		94C3321027437740002101ED /* Managers */ = {
			isa = PBXGroup;
			children = (
				94C3321127437752002101ED /* LocationManager.swift */,
			);
			path = Managers;
			sourceTree = "<group>";
		};
		94C3321427437A86002101ED /* Frameworks */ = {
			isa = PBXGroup;
			children = (
				94C3321527437A86002101ED /* MapKit.framework */,
			);
			name = Frameworks;
			sourceTree = "<group>";
		};
/* End PBXGroup section */

/* Begin PBXNativeTarget section */
		941F8E2E273DD7B800C178DB /* aq-early-warning-ios */ = {
			isa = PBXNativeTarget;
			buildConfigurationList = 941F8E53273DD7BA00C178DB /* Build configuration list for PBXNativeTarget "aq-early-warning-ios" */;
			buildPhases = (
				941F8E2B273DD7B800C178DB /* Sources */,
				941F8E2C273DD7B800C178DB /* Frameworks */,
				941F8E2D273DD7B800C178DB /* Resources */,
			);
			buildRules = (
			);
			dependencies = (
			);
			name = "aq-early-warning-ios";
			productName = "aq-early-warning-ios";
			productReference = 941F8E2F273DD7B800C178DB /* aq-early-warning-ios.app */;
			productType = "com.apple.product-type.application";
		};
		941F8E3E273DD7BA00C178DB /* aq-early-warning-iosTests */ = {
			isa = PBXNativeTarget;
			buildConfigurationList = 941F8E56273DD7BA00C178DB /* Build configuration list for PBXNativeTarget "aq-early-warning-iosTests" */;
			buildPhases = (
				941F8E3B273DD7BA00C178DB /* Sources */,
				941F8E3C273DD7BA00C178DB /* Frameworks */,
				941F8E3D273DD7BA00C178DB /* Resources */,
			);
			buildRules = (
			);
			dependencies = (
				941F8E41273DD7BA00C178DB /* PBXTargetDependency */,
			);
			name = "aq-early-warning-iosTests";
			productName = "aq-early-warning-iosTests";
			productReference = 941F8E3F273DD7BA00C178DB /* aq-early-warning-iosTests.xctest */;
			productType = "com.apple.product-type.bundle.unit-test";
		};
		941F8E48273DD7BA00C178DB /* aq-early-warning-iosUITests */ = {
			isa = PBXNativeTarget;
			buildConfigurationList = 941F8E59273DD7BA00C178DB /* Build configuration list for PBXNativeTarget "aq-early-warning-iosUITests" */;
			buildPhases = (
				941F8E45273DD7BA00C178DB /* Sources */,
				941F8E46273DD7BA00C178DB /* Frameworks */,
				941F8E47273DD7BA00C178DB /* Resources */,
			);
			buildRules = (
			);
			dependencies = (
				941F8E4B273DD7BA00C178DB /* PBXTargetDependency */,
			);
			name = "aq-early-warning-iosUITests";
			productName = "aq-early-warning-iosUITests";
			productReference = 941F8E49273DD7BA00C178DB /* aq-early-warning-iosUITests.xctest */;
			productType = "com.apple.product-type.bundle.ui-testing";
		};
/* End PBXNativeTarget section */

/* Begin PBXProject section */
		941F8E27273DD7B800C178DB /* Project object */ = {
			isa = PBXProject;
			attributes = {
				BuildIndependentTargetsInParallel = 1;
				LastSwiftUpdateCheck = 1310;
				LastUpgradeCheck = 1310;
				TargetAttributes = {
					941F8E2E273DD7B800C178DB = {
						CreatedOnToolsVersion = 13.1;
					};
					941F8E3E273DD7BA00C178DB = {
						CreatedOnToolsVersion = 13.1;
						TestTargetID = 941F8E2E273DD7B800C178DB;
					};
					941F8E48273DD7BA00C178DB = {
						CreatedOnToolsVersion = 13.1;
						TestTargetID = 941F8E2E273DD7B800C178DB;
					};
				};
			};
			buildConfigurationList = 941F8E2A273DD7B800C178DB /* Build configuration list for PBXProject "aq-early-warning-ios" */;
			compatibilityVersion = "Xcode 13.0";
			developmentRegion = en;
			hasScannedForEncodings = 0;
			knownRegions = (
				en,
				Base,
			);
			mainGroup = 941F8E26273DD7B800C178DB;
			productRefGroup = 941F8E30273DD7B800C178DB /* Products */;
			projectDirPath = "";
			projectRoot = "";
			targets = (
				941F8E2E273DD7B800C178DB /* aq-early-warning-ios */,
				941F8E3E273DD7BA00C178DB /* aq-early-warning-iosTests */,
				941F8E48273DD7BA00C178DB /* aq-early-warning-iosUITests */,
			);
		};
/* End PBXProject section */

/* Begin PBXResourcesBuildPhase section */
		941F8E2D273DD7B800C178DB /* Resources */ = {
			isa = PBXResourcesBuildPhase;
			buildActionMask = 2147483647;
			files = (
				941F8E3A273DD7B900C178DB /* Preview Assets.xcassets in Resources */,
				941F8E37273DD7B900C178DB /* Assets.xcassets in Resources */,
			);
			runOnlyForDeploymentPostprocessing = 0;
		};
		941F8E3D273DD7BA00C178DB /* Resources */ = {
			isa = PBXResourcesBuildPhase;
			buildActionMask = 2147483647;
			files = (
			);
			runOnlyForDeploymentPostprocessing = 0;
		};
		941F8E47273DD7BA00C178DB /* Resources */ = {
			isa = PBXResourcesBuildPhase;
			buildActionMask = 2147483647;
			files = (
			);
			runOnlyForDeploymentPostprocessing = 0;
		};
/* End PBXResourcesBuildPhase section */

/* Begin PBXSourcesBuildPhase section */
		941F8E2B273DD7B800C178DB /* Sources */ = {
			isa = PBXSourcesBuildPhase;
			buildActionMask = 2147483647;
			files = (
				94759C2727449DC70080C90E /* AqiBreakdownView.swift in Sources */,
				94C3320F27434866002101ED /* SettingsView.swift in Sources */,
				94C3320D2743431E002101ED /* Api.swift in Sources */,
				941F8E5D273DD7DC00C178DB /* SignInView.swift in Sources */,
				941F8E35273DD7B800C178DB /* ContentView.swift in Sources */,
				94C3321227437752002101ED /* LocationManager.swift in Sources */,
				941F8E33273DD7B800C178DB /* aq_early_warning_iosApp.swift in Sources */,
				94C3320B274341C9002101ED /* mainView.swift in Sources */,
				941F8E63273DDD4600C178DB /* Data.swift in Sources */,
			);
			runOnlyForDeploymentPostprocessing = 0;
		};
		941F8E3B273DD7BA00C178DB /* Sources */ = {
			isa = PBXSourcesBuildPhase;
			buildActionMask = 2147483647;
			files = (
				941F8E44273DD7BA00C178DB /* aq_early_warning_iosTests.swift in Sources */,
			);
			runOnlyForDeploymentPostprocessing = 0;
		};
		941F8E45273DD7BA00C178DB /* Sources */ = {
			isa = PBXSourcesBuildPhase;
			buildActionMask = 2147483647;
			files = (
				941F8E4E273DD7BA00C178DB /* aq_early_warning_iosUITests.swift in Sources */,
				941F8E50273DD7BA00C178DB /* aq_early_warning_iosUITestsLaunchTests.swift in Sources */,
			);
			runOnlyForDeploymentPostprocessing = 0;
		};
/* End PBXSourcesBuildPhase section */

/* Begin PBXTargetDependency section */
		941F8E41273DD7BA00C178DB /* PBXTargetDependency */ = {
			isa = PBXTargetDependency;
			target = 941F8E2E273DD7B800C178DB /* aq-early-warning-ios */;
			targetProxy = 941F8E40273DD7BA00C178DB /* PBXContainerItemProxy */;
		};
		941F8E4B273DD7BA00C178DB /* PBXTargetDependency */ = {
			isa = PBXTargetDependency;
			target = 941F8E2E273DD7B800C178DB /* aq-early-warning-ios */;
			targetProxy = 941F8E4A273DD7BA00C178DB /* PBXContainerItemProxy */;
		};
/* End PBXTargetDependency section */

/* Begin XCBuildConfiguration section */
		941F8E51273DD7BA00C178DB /* Debug */ = {
			isa = XCBuildConfiguration;
			buildSettings = {
				ALWAYS_SEARCH_USER_PATHS = NO;
				CLANG_ANALYZER_NONNULL = YES;
				CLANG_ANALYZER_NUMBER_OBJECT_CONVERSION = YES_AGGRESSIVE;
				CLANG_CXX_LANGUAGE_STANDARD = "gnu++17";
				CLANG_CXX_LIBRARY = "libc++";
				CLANG_ENABLE_MODULES = YES;
				CLANG_ENABLE_OBJC_ARC = YES;
				CLANG_ENABLE_OBJC_WEAK = YES;
				CLANG_WARN_BLOCK_CAPTURE_AUTORELEASING = YES;
				CLANG_WARN_BOOL_CONVERSION = YES;
				CLANG_WARN_COMMA = YES;
				CLANG_WARN_CONSTANT_CONVERSION = YES;
				CLANG_WARN_DEPRECATED_OBJC_IMPLEMENTATIONS = YES;
				CLANG_WARN_DIRECT_OBJC_ISA_USAGE = YES_ERROR;
				CLANG_WARN_DOCUMENTATION_COMMENTS = YES;
				CLANG_WARN_EMPTY_BODY = YES;
				CLANG_WARN_ENUM_CONVERSION = YES;
				CLANG_WARN_INFINITE_RECURSION = YES;
				CLANG_WARN_INT_CONVERSION = YES;
				CLANG_WARN_NON_LITERAL_NULL_CONVERSION = YES;
				CLANG_WARN_OBJC_IMPLICIT_RETAIN_SELF = YES;
				CLANG_WARN_OBJC_LITERAL_CONVERSION = YES;
				CLANG_WARN_OBJC_ROOT_CLASS = YES_ERROR;
				CLANG_WARN_QUOTED_INCLUDE_IN_FRAMEWORK_HEADER = YES;
				CLANG_WARN_RANGE_LOOP_ANALYSIS = YES;
				CLANG_WARN_STRICT_PROTOTYPES = YES;
				CLANG_WARN_SUSPICIOUS_MOVE = YES;
				CLANG_WARN_UNGUARDED_AVAILABILITY = YES_AGGRESSIVE;
				CLANG_WARN_UNREACHABLE_CODE = YES;
				CLANG_WARN__DUPLICATE_METHOD_MATCH = YES;
				COPY_PHASE_STRIP = NO;
				DEBUG_INFORMATION_FORMAT = dwarf;
				ENABLE_STRICT_OBJC_MSGSEND = YES;
				ENABLE_TESTABILITY = YES;
				GCC_C_LANGUAGE_STANDARD = gnu11;
				GCC_DYNAMIC_NO_PIC = NO;
				GCC_NO_COMMON_BLOCKS = YES;
				GCC_OPTIMIZATION_LEVEL = 0;
				GCC_PREPROCESSOR_DEFINITIONS = (
					"DEBUG=1",
					"$(inherited)",
				);
				GCC_WARN_64_TO_32_BIT_CONVERSION = YES;
				GCC_WARN_ABOUT_RETURN_TYPE = YES_ERROR;
				GCC_WARN_UNDECLARED_SELECTOR = YES;
				GCC_WARN_UNINITIALIZED_AUTOS = YES_AGGRESSIVE;
				GCC_WARN_UNUSED_FUNCTION = YES;
				GCC_WARN_UNUSED_VARIABLE = YES;
				IPHONEOS_DEPLOYMENT_TARGET = 15.0;
				MTL_ENABLE_DEBUG_INFO = INCLUDE_SOURCE;
				MTL_FAST_MATH = YES;
				ONLY_ACTIVE_ARCH = YES;
				SDKROOT = iphoneos;
				SWIFT_ACTIVE_COMPILATION_CONDITIONS = DEBUG;
				SWIFT_OPTIMIZATION_LEVEL = "-Onone";
			};
			name = Debug;
		};
		941F8E52273DD7BA00C178DB /* Release */ = {
			isa = XCBuildConfiguration;
			buildSettings = {
				ALWAYS_SEARCH_USER_PATHS = NO;
				CLANG_ANALYZER_NONNULL = YES;
				CLANG_ANALYZER_NUMBER_OBJECT_CONVERSION = YES_AGGRESSIVE;
				CLANG_CXX_LANGUAGE_STANDARD = "gnu++17";
				CLANG_CXX_LIBRARY = "libc++";
				CLANG_ENABLE_MODULES = YES;
				CLANG_ENABLE_OBJC_ARC = YES;
				CLANG_ENABLE_OBJC_WEAK = YES;
				CLANG_WARN_BLOCK_CAPTURE_AUTORELEASING = YES;
				CLANG_WARN_BOOL_CONVERSION = YES;
				CLANG_WARN_COMMA = YES;
				CLANG_WARN_CONSTANT_CONVERSION = YES;
				CLANG_WARN_DEPRECATED_OBJC_IMPLEMENTATIONS = YES;
				CLANG_WARN_DIRECT_OBJC_ISA_USAGE = YES_ERROR;
				CLANG_WARN_DOCUMENTATION_COMMENTS = YES;
				CLANG_WARN_EMPTY_BODY = YES;
				CLANG_WARN_ENUM_CONVERSION = YES;
				CLANG_WARN_INFINITE_RECURSION = YES;
				CLANG_WARN_INT_CONVERSION = YES;
				CLANG_WARN_NON_LITERAL_NULL_CONVERSION = YES;
				CLANG_WARN_OBJC_IMPLICIT_RETAIN_SELF = YES;
				CLANG_WARN_OBJC_LITERAL_CONVERSION = YES;
				CLANG_WARN_OBJC_ROOT_CLASS = YES_ERROR;
				CLANG_WARN_QUOTED_INCLUDE_IN_FRAMEWORK_HEADER = YES;
				CLANG_WARN_RANGE_LOOP_ANALYSIS = YES;
				CLANG_WARN_STRICT_PROTOTYPES = YES;
				CLANG_WARN_SUSPICIOUS_MOVE = YES;
				CLANG_WARN_UNGUARDED_AVAILABILITY = YES_AGGRESSIVE;
				CLANG_WARN_UNREACHABLE_CODE = YES;
				CLANG_WARN__DUPLICATE_METHOD_MATCH = YES;
				COPY_PHASE_STRIP = NO;
				DEBUG_INFORMATION_FORMAT = "dwarf-with-dsym";
				ENABLE_NS_ASSERTIONS = NO;
				ENABLE_STRICT_OBJC_MSGSEND = YES;
				GCC_C_LANGUAGE_STANDARD = gnu11;
				GCC_NO_COMMON_BLOCKS = YES;
				GCC_WARN_64_TO_32_BIT_CONVERSION = YES;
				GCC_WARN_ABOUT_RETURN_TYPE = YES_ERROR;
				GCC_WARN_UNDECLARED_SELECTOR = YES;
				GCC_WARN_UNINITIALIZED_AUTOS = YES_AGGRESSIVE;
				GCC_WARN_UNUSED_FUNCTION = YES;
				GCC_WARN_UNUSED_VARIABLE = YES;
				IPHONEOS_DEPLOYMENT_TARGET = 15.0;
				MTL_ENABLE_DEBUG_INFO = NO;
				MTL_FAST_MATH = YES;
				SDKROOT = iphoneos;
				SWIFT_COMPILATION_MODE = wholemodule;
				SWIFT_OPTIMIZATION_LEVEL = "-O";
				VALIDATE_PRODUCT = YES;
			};
			name = Release;
		};
		941F8E54273DD7BA00C178DB /* Debug */ = {
			isa = XCBuildConfiguration;
			buildSettings = {
				ASSETCATALOG_COMPILER_APPICON_NAME = AppIcon;
				ASSETCATALOG_COMPILER_GLOBAL_ACCENT_COLOR_NAME = AccentColor;
				CODE_SIGN_ENTITLEMENTS = "aq-early-warning-ios/aq-early-warning-ios.entitlements";
				CODE_SIGN_STYLE = Automatic;
				CURRENT_PROJECT_VERSION = 1;
				DEVELOPMENT_ASSET_PATHS = "\"aq-early-warning-ios/Preview Content\"";
				DEVELOPMENT_TEAM = F6AWFYVDL5;
				ENABLE_PREVIEWS = YES;
				GENERATE_INFOPLIST_FILE = YES;
				INFOPLIST_FILE = "aq-early-warning-ios/Info.plist";
				INFOPLIST_KEY_UIApplicationSceneManifest_Generation = YES;
				INFOPLIST_KEY_UIApplicationSupportsIndirectInputEvents = YES;
				INFOPLIST_KEY_UILaunchScreen_Generation = YES;
				INFOPLIST_KEY_UISupportedInterfaceOrientations_iPad = "UIInterfaceOrientationPortrait UIInterfaceOrientationPortraitUpsideDown UIInterfaceOrientationLandscapeLeft UIInterfaceOrientationLandscapeRight";
				INFOPLIST_KEY_UISupportedInterfaceOrientations_iPhone = "UIInterfaceOrientationPortrait UIInterfaceOrientationLandscapeLeft UIInterfaceOrientationLandscapeRight";
				LD_RUNPATH_SEARCH_PATHS = (
					"$(inherited)",
					"@executable_path/Frameworks",
				);
				MARKETING_VERSION = 1.0;
				PRODUCT_BUNDLE_IDENTIFIER = "t.aq-early-warning-ios";
				PRODUCT_NAME = "$(TARGET_NAME)";
				SWIFT_EMIT_LOC_STRINGS = YES;
				SWIFT_VERSION = 5.0;
				TARGETED_DEVICE_FAMILY = "1,2";
			};
			name = Debug;
		};
		941F8E55273DD7BA00C178DB /* Release */ = {
			isa = XCBuildConfiguration;
			buildSettings = {
				ASSETCATALOG_COMPILER_APPICON_NAME = AppIcon;
				ASSETCATALOG_COMPILER_GLOBAL_ACCENT_COLOR_NAME = AccentColor;
				CODE_SIGN_ENTITLEMENTS = "aq-early-warning-ios/aq-early-warning-ios.entitlements";
				CODE_SIGN_STYLE = Automatic;
				CURRENT_PROJECT_VERSION = 1;
				DEVELOPMENT_ASSET_PATHS = "\"aq-early-warning-ios/Preview Content\"";
				DEVELOPMENT_TEAM = F6AWFYVDL5;
				ENABLE_PREVIEWS = YES;
				GENERATE_INFOPLIST_FILE = YES;
				INFOPLIST_FILE = "aq-early-warning-ios/Info.plist";
				INFOPLIST_KEY_UIApplicationSceneManifest_Generation = YES;
				INFOPLIST_KEY_UIApplicationSupportsIndirectInputEvents = YES;
				INFOPLIST_KEY_UILaunchScreen_Generation = YES;
				INFOPLIST_KEY_UISupportedInterfaceOrientations_iPad = "UIInterfaceOrientationPortrait UIInterfaceOrientationPortraitUpsideDown UIInterfaceOrientationLandscapeLeft UIInterfaceOrientationLandscapeRight";
				INFOPLIST_KEY_UISupportedInterfaceOrientations_iPhone = "UIInterfaceOrientationPortrait UIInterfaceOrientationLandscapeLeft UIInterfaceOrientationLandscapeRight";
				LD_RUNPATH_SEARCH_PATHS = (
					"$(inherited)",
					"@executable_path/Frameworks",
				);
				MARKETING_VERSION = 1.0;
				PRODUCT_BUNDLE_IDENTIFIER = "t.aq-early-warning-ios";
				PRODUCT_NAME = "$(TARGET_NAME)";
				SWIFT_EMIT_LOC_STRINGS = YES;
				SWIFT_VERSION = 5.0;
				TARGETED_DEVICE_FAMILY = "1,2";
			};
			name = Release;
		};
		941F8E57273DD7BA00C178DB /* Debug */ = {
			isa = XCBuildConfiguration;
			buildSettings = {
				ALWAYS_EMBED_SWIFT_STANDARD_LIBRARIES = YES;
				BUNDLE_LOADER = "$(TEST_HOST)";
				CODE_SIGN_STYLE = Automatic;
				CURRENT_PROJECT_VERSION = 1;
				DEVELOPMENT_TEAM = F6AWFYVDL5;
				GENERATE_INFOPLIST_FILE = YES;
				IPHONEOS_DEPLOYMENT_TARGET = 15.0;
				LD_RUNPATH_SEARCH_PATHS = (
					"$(inherited)",
					"@executable_path/Frameworks",
					"@loader_path/Frameworks",
				);
				MARKETING_VERSION = 1.0;
				PRODUCT_BUNDLE_IDENTIFIER = "t.aq-early-warning-iosTests";
				PRODUCT_NAME = "$(TARGET_NAME)";
				SWIFT_EMIT_LOC_STRINGS = NO;
				SWIFT_VERSION = 5.0;
				TARGETED_DEVICE_FAMILY = "1,2";
				TEST_HOST = "$(BUILT_PRODUCTS_DIR)/aq-early-warning-ios.app/aq-early-warning-ios";
			};
			name = Debug;
		};
		941F8E58273DD7BA00C178DB /* Release */ = {
			isa = XCBuildConfiguration;
			buildSettings = {
				ALWAYS_EMBED_SWIFT_STANDARD_LIBRARIES = YES;
				BUNDLE_LOADER = "$(TEST_HOST)";
				CODE_SIGN_STYLE = Automatic;
				CURRENT_PROJECT_VERSION = 1;
				DEVELOPMENT_TEAM = F6AWFYVDL5;
				GENERATE_INFOPLIST_FILE = YES;
				IPHONEOS_DEPLOYMENT_TARGET = 15.0;
				LD_RUNPATH_SEARCH_PATHS = (
					"$(inherited)",
					"@executable_path/Frameworks",
					"@loader_path/Frameworks",
				);
				MARKETING_VERSION = 1.0;
				PRODUCT_BUNDLE_IDENTIFIER = "t.aq-early-warning-iosTests";
				PRODUCT_NAME = "$(TARGET_NAME)";
				SWIFT_EMIT_LOC_STRINGS = NO;
				SWIFT_VERSION = 5.0;
				TARGETED_DEVICE_FAMILY = "1,2";
				TEST_HOST = "$(BUILT_PRODUCTS_DIR)/aq-early-warning-ios.app/aq-early-warning-ios";
			};
			name = Release;
		};
		941F8E5A273DD7BA00C178DB /* Debug */ = {
			isa = XCBuildConfiguration;
			buildSettings = {
				ALWAYS_EMBED_SWIFT_STANDARD_LIBRARIES = YES;
				CODE_SIGN_STYLE = Automatic;
				CURRENT_PROJECT_VERSION = 1;
				DEVELOPMENT_TEAM = F6AWFYVDL5;
				GENERATE_INFOPLIST_FILE = YES;
				LD_RUNPATH_SEARCH_PATHS = (
					"$(inherited)",
					"@executable_path/Frameworks",
					"@loader_path/Frameworks",
				);
				MARKETING_VERSION = 1.0;
				PRODUCT_BUNDLE_IDENTIFIER = "t.aq-early-warning-iosUITests";
				PRODUCT_NAME = "$(TARGET_NAME)";
				SWIFT_EMIT_LOC_STRINGS = NO;
				SWIFT_VERSION = 5.0;
				TARGETED_DEVICE_FAMILY = "1,2";
				TEST_TARGET_NAME = "aq-early-warning-ios";
			};
			name = Debug;
		};
		941F8E5B273DD7BA00C178DB /* Release */ = {
			isa = XCBuildConfiguration;
			buildSettings = {
				ALWAYS_EMBED_SWIFT_STANDARD_LIBRARIES = YES;
				CODE_SIGN_STYLE = Automatic;
				CURRENT_PROJECT_VERSION = 1;
				DEVELOPMENT_TEAM = F6AWFYVDL5;
				GENERATE_INFOPLIST_FILE = YES;
				LD_RUNPATH_SEARCH_PATHS = (
					"$(inherited)",
					"@executable_path/Frameworks",
					"@loader_path/Frameworks",
				);
				MARKETING_VERSION = 1.0;
				PRODUCT_BUNDLE_IDENTIFIER = "t.aq-early-warning-iosUITests";
				PRODUCT_NAME = "$(TARGET_NAME)";
				SWIFT_EMIT_LOC_STRINGS = NO;
				SWIFT_VERSION = 5.0;
				TARGETED_DEVICE_FAMILY = "1,2";
				TEST_TARGET_NAME = "aq-early-warning-ios";
			};
			name = Release;
		};
/* End XCBuildConfiguration section */

/* Begin XCConfigurationList section */
		941F8E2A273DD7B800C178DB /* Build configuration list for PBXProject "aq-early-warning-ios" */ = {
			isa = XCConfigurationList;
			buildConfigurations = (
				941F8E51273DD7BA00C178DB /* Debug */,
				941F8E52273DD7BA00C178DB /* Release */,
			);
			defaultConfigurationIsVisible = 0;
			defaultConfigurationName = Release;
		};
		941F8E53273DD7BA00C178DB /* Build configuration list for PBXNativeTarget "aq-early-warning-ios" */ = {
			isa = XCConfigurationList;
			buildConfigurations = (
				941F8E54273DD7BA00C178DB /* Debug */,
				941F8E55273DD7BA00C178DB /* Release */,
			);
			defaultConfigurationIsVisible = 0;
			defaultConfigurationName = Release;
		};
		941F8E56273DD7BA00C178DB /* Build configuration list for PBXNativeTarget "aq-early-warning-iosTests" */ = {
			isa = XCConfigurationList;
			buildConfigurations = (
				941F8E57273DD7BA00C178DB /* Debug */,
				941F8E58273DD7BA00C178DB /* Release */,
			);
			defaultConfigurationIsVisible = 0;
			defaultConfigurationName = Release;
		};
		941F8E59273DD7BA00C178DB /* Build configuration list for PBXNativeTarget "aq-early-warning-iosUITests" */ = {
			isa = XCConfigurationList;
			buildConfigurations = (
				941F8E5A273DD7BA00C178DB /* Debug */,
				941F8E5B273DD7BA00C178DB /* Release */,
			);
			defaultConfigurationIsVisible = 0;
			defaultConfigurationName = Release;
		};
/* End XCConfigurationList section */
	};
	rootObject = 941F8E27273DD7B800C178DB /* Project object */;
}
